// !$*UTF8*$!
{
	archiveVersion = 1;
	classes = {
	};
	objectVersion = 56;
	objects = {

/* Begin PBXBuildFile section */
		H1000001001 /* PurrDetectionService.swift in Sources */ = {isa = PBXBuildFile; fileRef = H1000001000 /* PurrDetectionService.swift */; };
		H1000002001 /* AudioMonitor.swift in Sources */ = {isa = PBXBuildFile; fileRef = H1000002000 /* AudioMonitor.swift */; };
		H1000003001 /* PurrDetectionResult.swift in Sources */ = {isa = PBXBuildFile; fileRef = H1000003000 /* PurrDetectionResult.swift */; };
		H1000006001 /* PurrDetectionSettingsView.swift in Sources */ = {isa = PBXBuildFile; fileRef = H1000006000 /* PurrDetectionSettingsView.swift */; };
		H1000004001 /* PurrDetectionServiceTests.swift in Sources */ = {isa = PBXBuildFile; fileRef = H1000004000 /* PurrDetectionServiceTests.swift */; };
		H1000005001 /* AudioMonitorTests.swift in Sources */ = {isa = PBXBuildFile; fileRef = H1000005000 /* AudioMonitorTests.swift */; };
		2B1678F52F1A8BA0006BF13A /* CatLockPopupView.swift in Sources */ = {isa = PBXBuildFile; fileRef = 2B1678F42F1A8BA0006BF13A /* CatLockPopupView.swift */; };
		2B1678FA2F1A8C1D006BF13A /* KeyboardState.swift in Sources */ = {isa = PBXBuildFile; fileRef = 2B1678F82F1A8C1D006BF13A /* KeyboardState.swift */; };
		2B1678FB2F1A8C1D006BF13A /* Configuration.swift in Sources */ = {isa = PBXBuildFile; fileRef = 2B1678F62F1A8C1D006BF13A /* Configuration.swift */; };
		2B1678FC2F1A8C1D006BF13A /* DetectionEvent.swift in Sources */ = {isa = PBXBuildFile; fileRef = 2B1678F72F1A8C1D006BF13A /* DetectionEvent.swift */; };
		2B1678FD2F1A8C1D006BF13A /* LockState.swift in Sources */ = {isa = PBXBuildFile; fileRef = 2B1678F92F1A8C1D006BF13A /* LockState.swift */; };
		2B16790C2F1A8C5C006BF13A /* KeyboardMonitoring.swift in Sources */ = {isa = PBXBuildFile; fileRef = 2B1679062F1A8C5C006BF13A /* KeyboardMonitoring.swift */; };
		2B16790D2F1A8C5C006BF13A /* NotificationPresenting.swift in Sources */ = {isa = PBXBuildFile; fileRef = 2B1679092F1A8C5C006BF13A /* NotificationPresenting.swift */; };
		2B16790E2F1A8C5C006BF13A /* CatDetecting.swift in Sources */ = {isa = PBXBuildFile; fileRef = 2B1678FE2F1A8C5C006BF13A /* CatDetecting.swift */; };
		2B16790F2F1A8C5C006BF13A /* NotificationWindowController.swift in Sources */ = {isa = PBXBuildFile; fileRef = 2B16790A2F1A8C5C006BF13A /* NotificationWindowController.swift */; };
		2B1679102F1A8C5C006BF13A /* LockStateManager.swift in Sources */ = {isa = PBXBuildFile; fileRef = 2B1679072F1A8C5C006BF13A /* LockStateManager.swift */; };
		2B1679112F1A8C5C006BF13A /* PermissionError.swift in Sources */ = {isa = PBXBuildFile; fileRef = 2B16790B2F1A8C5C006BF13A /* PermissionError.swift */; };
		2B1679122F1A8C5C006BF13A /* KeyboardLockService.swift in Sources */ = {isa = PBXBuildFile; fileRef = 2B1679032F1A8C5C006BF13A /* KeyboardLockService.swift */; };
		2B1679132F1A8C5C006BF13A /* KeyboardMonitor.swift in Sources */ = {isa = PBXBuildFile; fileRef = 2B1679042F1A8C5C006BF13A /* KeyboardMonitor.swift */; };
		2B1679142F1A8C5C006BF13A /* LockStateManaging.swift in Sources */ = {isa = PBXBuildFile; fileRef = 2B1679082F1A8C5C006BF13A /* LockStateManaging.swift */; };
		2B1679152F1A8C5C006BF13A /* KeyboardLocking.swift in Sources */ = {isa = PBXBuildFile; fileRef = 2B1679022F1A8C5C006BF13A /* KeyboardLocking.swift */; };
		2B1679162F1A8C5C006BF13A /* KeyboardMonitorDelegate.swift in Sources */ = {isa = PBXBuildFile; fileRef = 2B1679052F1A8C5C006BF13A /* KeyboardMonitorDelegate.swift */; };
		2B1679172F1A8C5C006BF13A /* ConfigurationProviding.swift in Sources */ = {isa = PBXBuildFile; fileRef = 2B1679002F1A8C5C006BF13A /* ConfigurationProviding.swift */; };
		2B1679182F1A8C5C006BF13A /* CatDetectionService.swift in Sources */ = {isa = PBXBuildFile; fileRef = 2B1678FF2F1A8C5C006BF13A /* CatDetectionService.swift */; };
		2B1679192F1A8C5C006BF13A /* KeyboardAdjacencyMap.swift in Sources */ = {isa = PBXBuildFile; fileRef = 2B1679012F1A8C5C006BF13A /* KeyboardAdjacencyMap.swift */; };
		2B16791C2F1A8C7E006BF13A /* KeyboardStateTests.swift in Sources */ = {isa = PBXBuildFile; fileRef = 2B16791A2F1A8C7E006BF13A /* KeyboardStateTests.swift */; };
		2B16791D2F1A8C7E006BF13A /* LockStateTests.swift in Sources */ = {isa = PBXBuildFile; fileRef = 2B16791B2F1A8C7E006BF13A /* LockStateTests.swift */; };
		2B1679212F1A8C97006BF13A /* LockStateManagerTests.swift in Sources */ = {isa = PBXBuildFile; fileRef = 2B1679202F1A8C97006BF13A /* LockStateManagerTests.swift */; };
		2B1679222F1A8C97006BF13A /* CatDetectionServiceTests.swift in Sources */ = {isa = PBXBuildFile; fileRef = 2B16791E2F1A8C97006BF13A /* CatDetectionServiceTests.swift */; };
		2B1679232F1A8C97006BF13A /* KeyboardLockServiceTests.swift in Sources */ = {isa = PBXBuildFile; fileRef = 2B16791F2F1A8C97006BF13A /* KeyboardLockServiceTests.swift */; };
		2B1679252F1A8CBB006BF13A /* MockNotificationPresenter.swift in Sources */ = {isa = PBXBuildFile; fileRef = 2B1679242F1A8CBB006BF13A /* MockNotificationPresenter.swift */; };
		A1000001001 /* CatPawsApp.swift in Sources */ = {isa = PBXBuildFile; fileRef = A1000001000 /* CatPawsApp.swift */; };
		A1000002001 /* AppDelegate.swift in Sources */ = {isa = PBXBuildFile; fileRef = A1000002000 /* AppDelegate.swift */; };
		A1000006001 /* SettingsView.swift in Sources */ = {isa = PBXBuildFile; fileRef = A1000006000 /* SettingsView.swift */; };
		A1000007001 /* AppViewModel.swift in Sources */ = {isa = PBXBuildFile; fileRef = A1000007000 /* AppViewModel.swift */; };
		A1000008001 /* AppState.swift in Sources */ = {isa = PBXBuildFile; fileRef = A1000008000 /* AppState.swift */; };
		A1000009001 /* Assets.xcassets in Resources */ = {isa = PBXBuildFile; fileRef = A1000009000 /* Assets.xcassets */; };
		A100000C001 /* MenuBarContentView.swift in Sources */ = {isa = PBXBuildFile; fileRef = A100000C000 /* MenuBarContentView.swift */; };
		A100000D001 /* Localizable.strings in Resources */ = {isa = PBXBuildFile; fileRef = A100000D000 /* Localizable.strings */; };
		B1000001001 /* AppViewModelTests.swift in Sources */ = {isa = PBXBuildFile; fileRef = B1000001000 /* AppViewModelTests.swift */; };
		B1000002001 /* AppStateTests.swift in Sources */ = {isa = PBXBuildFile; fileRef = B1000002000 /* AppStateTests.swift */; };
		C1000001001 /* MenuBarUITests.swift in Sources */ = {isa = PBXBuildFile; fileRef = C1000001000 /* MenuBarUITests.swift */; };
		E1000001001 /* AppStatistics.swift in Sources */ = {isa = PBXBuildFile; fileRef = E1000001000 /* AppStatistics.swift */; };
		E1000002001 /* OnboardingState.swift in Sources */ = {isa = PBXBuildFile; fileRef = E1000002000 /* OnboardingState.swift */; };
		E1000003001 /* StatisticsService.swift in Sources */ = {isa = PBXBuildFile; fileRef = E1000003000 /* StatisticsService.swift */; };
		E1000004001 /* AppLogger.swift in Sources */ = {isa = PBXBuildFile; fileRef = E1000004000 /* AppLogger.swift */; };
		E1000005001 /* LoginItemService.swift in Sources */ = {isa = PBXBuildFile; fileRef = E1000005000 /* LoginItemService.swift */; };
		E1000006001 /* PermissionGuideView.swift in Sources */ = {isa = PBXBuildFile; fileRef = E1000006000 /* PermissionGuideView.swift */; };
		E1000007001 /* OnboardingViewModel.swift in Sources */ = {isa = PBXBuildFile; fileRef = E1000007000 /* OnboardingViewModel.swift */; };
		E1000008001 /* OnboardingView.swift in Sources */ = {isa = PBXBuildFile; fileRef = E1000008000 /* OnboardingView.swift */; };
		E1000009001 /* StatisticsView.swift in Sources */ = {isa = PBXBuildFile; fileRef = E1000009000 /* StatisticsView.swift */; };
		E100000A001 /* KeyboardLayoutDetector.swift in Sources */ = {isa = PBXBuildFile; fileRef = E100000A000 /* KeyboardLayoutDetector.swift */; };
		E200000A001 /* PermissionType.swift in Sources */ = {isa = PBXBuildFile; fileRef = E200000A000 /* PermissionType.swift */; };
		E200000B001 /* PermissionStatus.swift in Sources */ = {isa = PBXBuildFile; fileRef = E200000B000 /* PermissionStatus.swift */; };
		E200000C001 /* PermissionService.swift in Sources */ = {isa = PBXBuildFile; fileRef = E200000C000 /* PermissionService.swift */; };
		E200000D001 /* PermissionTypeTests.swift in Sources */ = {isa = PBXBuildFile; fileRef = E200000D000 /* PermissionTypeTests.swift */; };
		E200000E001 /* PermissionStatusTests.swift in Sources */ = {isa = PBXBuildFile; fileRef = E200000E000 /* PermissionStatusTests.swift */; };
		E200000F001 /* PermissionServiceTests.swift in Sources */ = {isa = PBXBuildFile; fileRef = E200000F000 /* PermissionServiceTests.swift */; };
		F1000001001 /* OnboardingStateTests.swift in Sources */ = {isa = PBXBuildFile; fileRef = F1000001000 /* OnboardingStateTests.swift */; };
		F1000002001 /* OnboardingViewModelTests.swift in Sources */ = {isa = PBXBuildFile; fileRef = F1000002000 /* OnboardingViewModelTests.swift */; };
		F1000003001 /* OnboardingUITests.swift in Sources */ = {isa = PBXBuildFile; fileRef = F1000003000 /* OnboardingUITests.swift */; };
		G1000001001 /* StatisticsServiceTests.swift in Sources */ = {isa = PBXBuildFile; fileRef = G1000001000 /* StatisticsServiceTests.swift */; };
		G1000002001 /* LoginItemServiceTests.swift in Sources */ = {isa = PBXBuildFile; fileRef = G1000002000 /* LoginItemServiceTests.swift */; };
		G1000003001 /* MockKeyboardLocking.swift in Sources */ = {isa = PBXBuildFile; fileRef = G1000003000 /* MockKeyboardLocking.swift */; };
		G1000004001 /* MockCatDetecting.swift in Sources */ = {isa = PBXBuildFile; fileRef = G1000004000 /* MockCatDetecting.swift */; };
		G1000005001 /* MockConfigurationProviding.swift in Sources */ = {isa = PBXBuildFile; fileRef = G1000005000 /* MockConfigurationProviding.swift */; };
/* End PBXBuildFile section */

/* Begin PBXContainerItemProxy section */
		A2000001000 /* PBXContainerItemProxy */ = {
			isa = PBXContainerItemProxy;
			containerPortal = A0000000000 /* Project object */;
			proxyType = 1;
			remoteGlobalIDString = A1000000000;
			remoteInfo = CatPaws;
		};
		A2000002000 /* PBXContainerItemProxy */ = {
			isa = PBXContainerItemProxy;
			containerPortal = A0000000000 /* Project object */;
			proxyType = 1;
			remoteGlobalIDString = A1000000000;
			remoteInfo = CatPaws;
		};
/* End PBXContainerItemProxy section */

/* Begin PBXFileReference section */
		H1000001000 /* PurrDetectionService.swift */ = {isa = PBXFileReference; lastKnownFileType = sourcecode.swift; path = PurrDetectionService.swift; sourceTree = "<group>"; };
		H1000002000 /* AudioMonitor.swift */ = {isa = PBXFileReference; lastKnownFileType = sourcecode.swift; path = AudioMonitor.swift; sourceTree = "<group>"; };
		H1000003000 /* PurrDetectionResult.swift */ = {isa = PBXFileReference; lastKnownFileType = sourcecode.swift; path = PurrDetectionResult.swift; sourceTree = "<group>"; };
		H1000004000 /* PurrDetectionServiceTests.swift */ = {isa = PBXFileReference; lastKnownFileType = sourcecode.swift; path = PurrDetectionServiceTests.swift; sourceTree = "<group>"; };
		H1000005000 /* AudioMonitorTests.swift */ = {isa = PBXFileReference; lastKnownFileType = sourcecode.swift; path = AudioMonitorTests.swift; sourceTree = "<group>"; };
		H1000006000 /* PurrDetectionSettingsView.swift */ = {isa = PBXFileReference; lastKnownFileType = sourcecode.swift; path = PurrDetectionSettingsView.swift; sourceTree = "<group>"; };
		2B1678F42F1A8BA0006BF13A /* CatLockPopupView.swift */ = {isa = PBXFileReference; lastKnownFileType = sourcecode.swift; path = CatLockPopupView.swift; sourceTree = "<group>"; };
		2B1678F62F1A8C1D006BF13A /* Configuration.swift */ = {isa = PBXFileReference; lastKnownFileType = sourcecode.swift; path = Configuration.swift; sourceTree = "<group>"; };
		2B1678F72F1A8C1D006BF13A /* DetectionEvent.swift */ = {isa = PBXFileReference; lastKnownFileType = sourcecode.swift; path = DetectionEvent.swift; sourceTree = "<group>"; };
		2B1678F82F1A8C1D006BF13A /* KeyboardState.swift */ = {isa = PBXFileReference; lastKnownFileType = sourcecode.swift; path = KeyboardState.swift; sourceTree = "<group>"; };
		2B1678F92F1A8C1D006BF13A /* LockState.swift */ = {isa = PBXFileReference; lastKnownFileType = sourcecode.swift; path = LockState.swift; sourceTree = "<group>"; };
		2B1678FE2F1A8C5C006BF13A /* CatDetecting.swift */ = {isa = PBXFileReference; lastKnownFileType = sourcecode.swift; path = CatDetecting.swift; sourceTree = "<group>"; };
		2B1678FF2F1A8C5C006BF13A /* CatDetectionService.swift */ = {isa = PBXFileReference; lastKnownFileType = sourcecode.swift; path = CatDetectionService.swift; sourceTree = "<group>"; };
		2B1679002F1A8C5C006BF13A /* ConfigurationProviding.swift */ = {isa = PBXFileReference; lastKnownFileType = sourcecode.swift; path = ConfigurationProviding.swift; sourceTree = "<group>"; };
		2B1679012F1A8C5C006BF13A /* KeyboardAdjacencyMap.swift */ = {isa = PBXFileReference; lastKnownFileType = sourcecode.swift; path = KeyboardAdjacencyMap.swift; sourceTree = "<group>"; };
		2B1679022F1A8C5C006BF13A /* KeyboardLocking.swift */ = {isa = PBXFileReference; lastKnownFileType = sourcecode.swift; path = KeyboardLocking.swift; sourceTree = "<group>"; };
		2B1679032F1A8C5C006BF13A /* KeyboardLockService.swift */ = {isa = PBXFileReference; lastKnownFileType = sourcecode.swift; path = KeyboardLockService.swift; sourceTree = "<group>"; };
		2B1679042F1A8C5C006BF13A /* KeyboardMonitor.swift */ = {isa = PBXFileReference; lastKnownFileType = sourcecode.swift; path = KeyboardMonitor.swift; sourceTree = "<group>"; };
		2B1679052F1A8C5C006BF13A /* KeyboardMonitorDelegate.swift */ = {isa = PBXFileReference; lastKnownFileType = sourcecode.swift; path = KeyboardMonitorDelegate.swift; sourceTree = "<group>"; };
		2B1679062F1A8C5C006BF13A /* KeyboardMonitoring.swift */ = {isa = PBXFileReference; lastKnownFileType = sourcecode.swift; path = KeyboardMonitoring.swift; sourceTree = "<group>"; };
		2B1679072F1A8C5C006BF13A /* LockStateManager.swift */ = {isa = PBXFileReference; lastKnownFileType = sourcecode.swift; path = LockStateManager.swift; sourceTree = "<group>"; };
		2B1679082F1A8C5C006BF13A /* LockStateManaging.swift */ = {isa = PBXFileReference; lastKnownFileType = sourcecode.swift; path = LockStateManaging.swift; sourceTree = "<group>"; };
		2B1679092F1A8C5C006BF13A /* NotificationPresenting.swift */ = {isa = PBXFileReference; lastKnownFileType = sourcecode.swift; path = NotificationPresenting.swift; sourceTree = "<group>"; };
		2B16790A2F1A8C5C006BF13A /* NotificationWindowController.swift */ = {isa = PBXFileReference; lastKnownFileType = sourcecode.swift; path = NotificationWindowController.swift; sourceTree = "<group>"; };
		2B16790B2F1A8C5C006BF13A /* PermissionError.swift */ = {isa = PBXFileReference; lastKnownFileType = sourcecode.swift; path = PermissionError.swift; sourceTree = "<group>"; };
		2B16791A2F1A8C7E006BF13A /* KeyboardStateTests.swift */ = {isa = PBXFileReference; lastKnownFileType = sourcecode.swift; path = KeyboardStateTests.swift; sourceTree = "<group>"; };
		2B16791B2F1A8C7E006BF13A /* LockStateTests.swift */ = {isa = PBXFileReference; lastKnownFileType = sourcecode.swift; path = LockStateTests.swift; sourceTree = "<group>"; };
		2B16791E2F1A8C97006BF13A /* CatDetectionServiceTests.swift */ = {isa = PBXFileReference; lastKnownFileType = sourcecode.swift; path = CatDetectionServiceTests.swift; sourceTree = "<group>"; };
		2B16791F2F1A8C97006BF13A /* KeyboardLockServiceTests.swift */ = {isa = PBXFileReference; lastKnownFileType = sourcecode.swift; path = KeyboardLockServiceTests.swift; sourceTree = "<group>"; };
		2B1679202F1A8C97006BF13A /* LockStateManagerTests.swift */ = {isa = PBXFileReference; lastKnownFileType = sourcecode.swift; path = LockStateManagerTests.swift; sourceTree = "<group>"; };
		2B1679242F1A8CBB006BF13A /* MockNotificationPresenter.swift */ = {isa = PBXFileReference; lastKnownFileType = sourcecode.swift; path = MockNotificationPresenter.swift; sourceTree = "<group>"; };
		A1000000001 /* CatPaws.app */ = {isa = PBXFileReference; explicitFileType = wrapper.application; includeInIndex = 0; path = CatPaws.app; sourceTree = BUILT_PRODUCTS_DIR; };
		A1000001000 /* CatPawsApp.swift */ = {isa = PBXFileReference; lastKnownFileType = sourcecode.swift; path = CatPawsApp.swift; sourceTree = "<group>"; };
		A1000002000 /* AppDelegate.swift */ = {isa = PBXFileReference; lastKnownFileType = sourcecode.swift; path = AppDelegate.swift; sourceTree = "<group>"; };
		A1000006000 /* SettingsView.swift */ = {isa = PBXFileReference; lastKnownFileType = sourcecode.swift; path = SettingsView.swift; sourceTree = "<group>"; };
		A1000007000 /* AppViewModel.swift */ = {isa = PBXFileReference; lastKnownFileType = sourcecode.swift; path = AppViewModel.swift; sourceTree = "<group>"; };
		A1000008000 /* AppState.swift */ = {isa = PBXFileReference; lastKnownFileType = sourcecode.swift; path = AppState.swift; sourceTree = "<group>"; };
		A1000009000 /* Assets.xcassets */ = {isa = PBXFileReference; lastKnownFileType = folder.assetcatalog; path = Assets.xcassets; sourceTree = "<group>"; };
		A100000A000 /* Info.plist */ = {isa = PBXFileReference; lastKnownFileType = text.plist.xml; path = Info.plist; sourceTree = "<group>"; };
		A100000B000 /* CatPaws.entitlements */ = {isa = PBXFileReference; lastKnownFileType = text.plist.entitlements; path = CatPaws.entitlements; sourceTree = "<group>"; };
		A100000C000 /* MenuBarContentView.swift */ = {isa = PBXFileReference; lastKnownFileType = sourcecode.swift; path = MenuBarContentView.swift; sourceTree = "<group>"; };
		A100000D000 /* Localizable.strings */ = {isa = PBXFileReference; lastKnownFileType = text.plist.strings; path = Localizable.strings; sourceTree = "<group>"; };
		B1000000001 /* CatPawsTests.xctest */ = {isa = PBXFileReference; explicitFileType = wrapper.cfbundle; includeInIndex = 0; path = CatPawsTests.xctest; sourceTree = BUILT_PRODUCTS_DIR; };
		B1000001000 /* AppViewModelTests.swift */ = {isa = PBXFileReference; lastKnownFileType = sourcecode.swift; path = AppViewModelTests.swift; sourceTree = "<group>"; };
		B1000002000 /* AppStateTests.swift */ = {isa = PBXFileReference; lastKnownFileType = sourcecode.swift; path = AppStateTests.swift; sourceTree = "<group>"; };
		C1000000001 /* CatPawsUITests.xctest */ = {isa = PBXFileReference; explicitFileType = wrapper.cfbundle; includeInIndex = 0; path = CatPawsUITests.xctest; sourceTree = BUILT_PRODUCTS_DIR; };
		C1000001000 /* MenuBarUITests.swift */ = {isa = PBXFileReference; lastKnownFileType = sourcecode.swift; path = MenuBarUITests.swift; sourceTree = "<group>"; };
		E1000001000 /* AppStatistics.swift */ = {isa = PBXFileReference; lastKnownFileType = sourcecode.swift; path = AppStatistics.swift; sourceTree = "<group>"; };
		E1000002000 /* OnboardingState.swift */ = {isa = PBXFileReference; lastKnownFileType = sourcecode.swift; path = OnboardingState.swift; sourceTree = "<group>"; };
		E1000003000 /* StatisticsService.swift */ = {isa = PBXFileReference; lastKnownFileType = sourcecode.swift; path = StatisticsService.swift; sourceTree = "<group>"; };
		E1000004000 /* AppLogger.swift */ = {isa = PBXFileReference; lastKnownFileType = sourcecode.swift; path = AppLogger.swift; sourceTree = "<group>"; };
		E1000005000 /* LoginItemService.swift */ = {isa = PBXFileReference; lastKnownFileType = sourcecode.swift; path = LoginItemService.swift; sourceTree = "<group>"; };
		E1000006000 /* PermissionGuideView.swift */ = {isa = PBXFileReference; lastKnownFileType = sourcecode.swift; path = PermissionGuideView.swift; sourceTree = "<group>"; };
		E1000007000 /* OnboardingViewModel.swift */ = {isa = PBXFileReference; lastKnownFileType = sourcecode.swift; path = OnboardingViewModel.swift; sourceTree = "<group>"; };
		E1000008000 /* OnboardingView.swift */ = {isa = PBXFileReference; lastKnownFileType = sourcecode.swift; path = OnboardingView.swift; sourceTree = "<group>"; };
		E1000009000 /* StatisticsView.swift */ = {isa = PBXFileReference; lastKnownFileType = sourcecode.swift; path = StatisticsView.swift; sourceTree = "<group>"; };
		E100000A000 /* KeyboardLayoutDetector.swift */ = {isa = PBXFileReference; lastKnownFileType = sourcecode.swift; path = KeyboardLayoutDetector.swift; sourceTree = "<group>"; };
		E200000A000 /* PermissionType.swift */ = {isa = PBXFileReference; lastKnownFileType = sourcecode.swift; path = PermissionType.swift; sourceTree = "<group>"; };
		E200000B000 /* PermissionStatus.swift */ = {isa = PBXFileReference; lastKnownFileType = sourcecode.swift; path = PermissionStatus.swift; sourceTree = "<group>"; };
		E200000C000 /* PermissionService.swift */ = {isa = PBXFileReference; lastKnownFileType = sourcecode.swift; path = PermissionService.swift; sourceTree = "<group>"; };
		E200000D000 /* PermissionTypeTests.swift */ = {isa = PBXFileReference; lastKnownFileType = sourcecode.swift; path = PermissionTypeTests.swift; sourceTree = "<group>"; };
		E200000E000 /* PermissionStatusTests.swift */ = {isa = PBXFileReference; lastKnownFileType = sourcecode.swift; path = PermissionStatusTests.swift; sourceTree = "<group>"; };
		E200000F000 /* PermissionServiceTests.swift */ = {isa = PBXFileReference; lastKnownFileType = sourcecode.swift; path = PermissionServiceTests.swift; sourceTree = "<group>"; };
		F1000001000 /* OnboardingStateTests.swift */ = {isa = PBXFileReference; lastKnownFileType = sourcecode.swift; path = OnboardingStateTests.swift; sourceTree = "<group>"; };
		F1000002000 /* OnboardingViewModelTests.swift */ = {isa = PBXFileReference; lastKnownFileType = sourcecode.swift; path = OnboardingViewModelTests.swift; sourceTree = "<group>"; };
		F1000003000 /* OnboardingUITests.swift */ = {isa = PBXFileReference; lastKnownFileType = sourcecode.swift; path = OnboardingUITests.swift; sourceTree = "<group>"; };
		G1000001000 /* StatisticsServiceTests.swift */ = {isa = PBXFileReference; lastKnownFileType = sourcecode.swift; path = StatisticsServiceTests.swift; sourceTree = "<group>"; };
		G1000002000 /* LoginItemServiceTests.swift */ = {isa = PBXFileReference; lastKnownFileType = sourcecode.swift; path = LoginItemServiceTests.swift; sourceTree = "<group>"; };
		G1000003000 /* MockKeyboardLocking.swift */ = {isa = PBXFileReference; lastKnownFileType = sourcecode.swift; path = MockKeyboardLocking.swift; sourceTree = "<group>"; };
		G1000004000 /* MockCatDetecting.swift */ = {isa = PBXFileReference; lastKnownFileType = sourcecode.swift; path = MockCatDetecting.swift; sourceTree = "<group>"; };
		G1000005000 /* MockConfigurationProviding.swift */ = {isa = PBXFileReference; lastKnownFileType = sourcecode.swift; path = MockConfigurationProviding.swift; sourceTree = "<group>"; };
/* End PBXFileReference section */

/* Begin PBXFrameworksBuildPhase section */
		A1000000002 /* Frameworks */ = {
			isa = PBXFrameworksBuildPhase;
			buildActionMask = 2147483647;
			files = (
			);
			runOnlyForDeploymentPostprocessing = 0;
		};
		B1000000002 /* Frameworks */ = {
			isa = PBXFrameworksBuildPhase;
			buildActionMask = 2147483647;
			files = (
			);
			runOnlyForDeploymentPostprocessing = 0;
		};
		C1000000002 /* Frameworks */ = {
			isa = PBXFrameworksBuildPhase;
			buildActionMask = 2147483647;
			files = (
			);
			runOnlyForDeploymentPostprocessing = 0;
		};
/* End PBXFrameworksBuildPhase section */

/* Begin PBXGroup section */
		8A7FE988F07BD9D0B85F9441 /* Mocks */ = {
			isa = PBXGroup;
			children = (
				2B1679242F1A8CBB006BF13A /* MockNotificationPresenter.swift */,
				G1000003000 /* MockKeyboardLocking.swift */,
				G1000004000 /* MockCatDetecting.swift */,
				G1000005000 /* MockConfigurationProviding.swift */,
			);
			path = Mocks;
			sourceTree = "<group>";
		};
		A0000000001 = {
			isa = PBXGroup;
			children = (
				A1000010000 /* CatPaws */,
				B1000010000 /* CatPawsTests */,
				C1000010000 /* CatPawsUITests */,
				A0000000002 /* Products */,
			);
			sourceTree = "<group>";
		};
		A0000000002 /* Products */ = {
			isa = PBXGroup;
			children = (
				A1000000001 /* CatPaws.app */,
				B1000000001 /* CatPawsTests.xctest */,
				C1000000001 /* CatPawsUITests.xctest */,
			);
			name = Products;
			sourceTree = "<group>";
		};
		A1000010000 /* CatPaws */ = {
			isa = PBXGroup;
			children = (
				A1000011000 /* App */,
				A1000012000 /* MenuBar */,
				A1000013000 /* Views */,
				A1000014000 /* ViewModels */,
				A1000015000 /* Models */,
				A1000016000 /* Services */,
				A1000017000 /* Utilities */,
				A1000018000 /* Resources */,
				A1000019000 /* Configuration */,
			);
			path = CatPaws;
			sourceTree = "<group>";
		};
		A1000011000 /* App */ = {
			isa = PBXGroup;
			children = (
				A1000001000 /* CatPawsApp.swift */,
				A1000002000 /* AppDelegate.swift */,
			);
			path = App;
			sourceTree = "<group>";
		};
		A1000012000 /* MenuBar */ = {
			isa = PBXGroup;
			children = (
				A100000C000 /* MenuBarContentView.swift */,
			);
			path = MenuBar;
			sourceTree = "<group>";
		};
		A1000013000 /* Views */ = {
			isa = PBXGroup;
			children = (
				A1000006000 /* SettingsView.swift */,
				2B1678F42F1A8BA0006BF13A /* CatLockPopupView.swift */,
				E1000006000 /* PermissionGuideView.swift */,
				E1000008000 /* OnboardingView.swift */,
				H1000006000 /* PurrDetectionSettingsView.swift */,
				E1000009000 /* StatisticsView.swift */,
			);
			path = Views;
			sourceTree = "<group>";
		};
		A1000014000 /* ViewModels */ = {
			isa = PBXGroup;
			children = (
				A1000007000 /* AppViewModel.swift */,
				E1000007000 /* OnboardingViewModel.swift */,
			);
			path = ViewModels;
			sourceTree = "<group>";
		};
		A1000015000 /* Models */ = {
			isa = PBXGroup;
			children = (
				A1000008000 /* AppState.swift */,
				E1000001000 /* AppStatistics.swift */,
				2B1678F62F1A8C1D006BF13A /* Configuration.swift */,
				2B1678F72F1A8C1D006BF13A /* DetectionEvent.swift */,
				2B1678F82F1A8C1D006BF13A /* KeyboardState.swift */,
				2B1678F92F1A8C1D006BF13A /* LockState.swift */,
				E1000002000 /* OnboardingState.swift */,
				E200000B000 /* PermissionStatus.swift */,
				E200000A000 /* PermissionType.swift */,
				H1000003000 /* PurrDetectionResult.swift */,
			);
			path = Models;
			sourceTree = "<group>";
		};
		A1000016000 /* Services */ = {
			isa = PBXGroup;
			children = (
				E1000004000 /* AppLogger.swift */,
				H1000002000 /* AudioMonitor.swift */,
				2B1678FE2F1A8C5C006BF13A /* CatDetecting.swift */,
				E1000005000 /* LoginItemService.swift */,
				2B1678FF2F1A8C5C006BF13A /* CatDetectionService.swift */,
				2B1679002F1A8C5C006BF13A /* ConfigurationProviding.swift */,
				2B1679012F1A8C5C006BF13A /* KeyboardAdjacencyMap.swift */,
				E100000A000 /* KeyboardLayoutDetector.swift */,
				2B1679022F1A8C5C006BF13A /* KeyboardLocking.swift */,
				2B1679032F1A8C5C006BF13A /* KeyboardLockService.swift */,
				2B1679042F1A8C5C006BF13A /* KeyboardMonitor.swift */,
				2B1679052F1A8C5C006BF13A /* KeyboardMonitorDelegate.swift */,
				2B1679062F1A8C5C006BF13A /* KeyboardMonitoring.swift */,
				2B1679072F1A8C5C006BF13A /* LockStateManager.swift */,
				2B1679082F1A8C5C006BF13A /* LockStateManaging.swift */,
				2B1679092F1A8C5C006BF13A /* NotificationPresenting.swift */,
				2B16790A2F1A8C5C006BF13A /* NotificationWindowController.swift */,
				2B16790B2F1A8C5C006BF13A /* PermissionError.swift */,
				E200000C000 /* PermissionService.swift */,
				H1000001000 /* PurrDetectionService.swift */,
				E1000003000 /* StatisticsService.swift */,
			);
			path = Services;
			sourceTree = "<group>";
		};
		A1000017000 /* Utilities */ = {
			isa = PBXGroup;
			children = (
			);
			path = Utilities;
			sourceTree = "<group>";
		};
		A1000018000 /* Resources */ = {
			isa = PBXGroup;
			children = (
				A1000009000 /* Assets.xcassets */,
				A100000D000 /* Localizable.strings */,
			);
			path = Resources;
			sourceTree = "<group>";
		};
		A1000019000 /* Configuration */ = {
			isa = PBXGroup;
			children = (
				A100000A000 /* Info.plist */,
				A100000B000 /* CatPaws.entitlements */,
			);
			path = Configuration;
			sourceTree = "<group>";
		};
		B1000010000 /* CatPawsTests */ = {
			isa = PBXGroup;
			children = (
				B1000011000 /* ViewModelTests */,
				B1000012000 /* ModelTests */,
				B1000013000 /* ServiceTests */,
				8A7FE988F07BD9D0B85F9441 /* Mocks */,
			);
			path = CatPawsTests;
			sourceTree = "<group>";
		};
		B1000011000 /* ViewModelTests */ = {
			isa = PBXGroup;
			children = (
				B1000001000 /* AppViewModelTests.swift */,
				F1000002000 /* OnboardingViewModelTests.swift */,
			);
			path = ViewModelTests;
			sourceTree = "<group>";
		};
		B1000012000 /* ModelTests */ = {
			isa = PBXGroup;
			children = (
				2B16791A2F1A8C7E006BF13A /* KeyboardStateTests.swift */,
				2B16791B2F1A8C7E006BF13A /* LockStateTests.swift */,
				B1000002000 /* AppStateTests.swift */,
				F1000001000 /* OnboardingStateTests.swift */,
				E200000D000 /* PermissionTypeTests.swift */,
				E200000E000 /* PermissionStatusTests.swift */,
			);
			path = ModelTests;
			sourceTree = "<group>";
		};
		B1000013000 /* ServiceTests */ = {
			isa = PBXGroup;
			children = (
				H1000005000 /* AudioMonitorTests.swift */,
				2B16791E2F1A8C97006BF13A /* CatDetectionServiceTests.swift */,
				2B16791F2F1A8C97006BF13A /* KeyboardLockServiceTests.swift */,
				2B1679202F1A8C97006BF13A /* LockStateManagerTests.swift */,
				E200000F000 /* PermissionServiceTests.swift */,
				H1000004000 /* PurrDetectionServiceTests.swift */,
				G1000001000 /* StatisticsServiceTests.swift */,
				G1000002000 /* LoginItemServiceTests.swift */,
			);
			path = ServiceTests;
			sourceTree = "<group>";
		};
		C1000010000 /* CatPawsUITests */ = {
			isa = PBXGroup;
			children = (
				C1000011000 /* MenuBarTests */,
				F1000010000 /* OnboardingTests */,
			);
			path = CatPawsUITests;
			sourceTree = "<group>";
		};
		C1000011000 /* MenuBarTests */ = {
			isa = PBXGroup;
			children = (
				C1000001000 /* MenuBarUITests.swift */,
			);
			path = MenuBarTests;
			sourceTree = "<group>";
		};
		F1000010000 /* OnboardingTests */ = {
			isa = PBXGroup;
			children = (
				F1000003000 /* OnboardingUITests.swift */,
			);
			path = OnboardingTests;
			sourceTree = "<group>";
		};
/* End PBXGroup section */

/* Begin PBXNativeTarget section */
		A1000000000 /* CatPaws */ = {
			isa = PBXNativeTarget;
			buildConfigurationList = A1000000010 /* Build configuration list for PBXNativeTarget "CatPaws" */;
			buildPhases = (
				A1000000003 /* Sources */,
				A1000000002 /* Frameworks */,
				A1000000004 /* Resources */,
				D1000000001 /* SwiftLint */,
			);
			buildRules = (
			);
			dependencies = (
			);
			name = CatPaws;
			productName = CatPaws;
			productReference = A1000000001 /* CatPaws.app */;
			productType = "com.apple.product-type.application";
		};
		B1000000000 /* CatPawsTests */ = {
			isa = PBXNativeTarget;
			buildConfigurationList = B1000000010 /* Build configuration list for PBXNativeTarget "CatPawsTests" */;
			buildPhases = (
				B1000000003 /* Sources */,
				B1000000002 /* Frameworks */,
				B1000000004 /* Resources */,
			);
			buildRules = (
			);
			dependencies = (
				B1000000005 /* PBXTargetDependency */,
			);
			name = CatPawsTests;
			productName = CatPawsTests;
			productReference = B1000000001 /* CatPawsTests.xctest */;
			productType = "com.apple.product-type.bundle.unit-test";
		};
		C1000000000 /* CatPawsUITests */ = {
			isa = PBXNativeTarget;
			buildConfigurationList = C1000000010 /* Build configuration list for PBXNativeTarget "CatPawsUITests" */;
			buildPhases = (
				C1000000003 /* Sources */,
				C1000000002 /* Frameworks */,
				C1000000004 /* Resources */,
			);
			buildRules = (
			);
			dependencies = (
				C1000000005 /* PBXTargetDependency */,
			);
			name = CatPawsUITests;
			productName = CatPawsUITests;
			productReference = C1000000001 /* CatPawsUITests.xctest */;
			productType = "com.apple.product-type.bundle.ui-testing";
		};
/* End PBXNativeTarget section */

/* Begin PBXProject section */
		A0000000000 /* Project object */ = {
			isa = PBXProject;
			attributes = {
				BuildIndependentTargetsInParallel = 1;
				LastSwiftUpdateCheck = 1500;
				LastUpgradeCheck = 2620;
				TargetAttributes = {
					A1000000000 = {
						CreatedOnToolsVersion = 15.0;
					};
					B1000000000 = {
						CreatedOnToolsVersion = 15.0;
						TestTargetID = A1000000000;
					};
					C1000000000 = {
						CreatedOnToolsVersion = 15.0;
						TestTargetID = A1000000000;
					};
				};
			};
			buildConfigurationList = A0000000010 /* Build configuration list for PBXProject "CatPaws" */;
			compatibilityVersion = "Xcode 14.0";
			developmentRegion = en;
			hasScannedForEncodings = 0;
			knownRegions = (
				en,
				Base,
			);
			mainGroup = A0000000001;
			productRefGroup = A0000000002 /* Products */;
			projectDirPath = "";
			projectRoot = "";
			targets = (
				A1000000000 /* CatPaws */,
				B1000000000 /* CatPawsTests */,
				C1000000000 /* CatPawsUITests */,
			);
		};
/* End PBXProject section */

/* Begin PBXResourcesBuildPhase section */
		A1000000004 /* Resources */ = {
			isa = PBXResourcesBuildPhase;
			buildActionMask = 2147483647;
			files = (
				A1000009001 /* Assets.xcassets in Resources */,
				A100000D001 /* Localizable.strings in Resources */,
			);
			runOnlyForDeploymentPostprocessing = 0;
		};
		B1000000004 /* Resources */ = {
			isa = PBXResourcesBuildPhase;
			buildActionMask = 2147483647;
			files = (
			);
			runOnlyForDeploymentPostprocessing = 0;
		};
		C1000000004 /* Resources */ = {
			isa = PBXResourcesBuildPhase;
			buildActionMask = 2147483647;
			files = (
			);
			runOnlyForDeploymentPostprocessing = 0;
		};
/* End PBXResourcesBuildPhase section */

/* Begin PBXShellScriptBuildPhase section */
		D1000000001 /* SwiftLint */ = {
			isa = PBXShellScriptBuildPhase;
			alwaysOutOfDate = 1;
			buildActionMask = 2147483647;
			files = (
			);
			inputFileListPaths = (
			);
			inputPaths = (
			);
			name = SwiftLint;
			outputFileListPaths = (
			);
			outputPaths = (
			);
			runOnlyForDeploymentPostprocessing = 0;
			shellPath = /bin/sh;
			shellScript = "if command -v swiftlint >/dev/null 2>&1; then\n    swiftlint\nelse\n    echo \"warning: SwiftLint not installed, download from https://github.com/realm/SwiftLint\"\nfi\n";
		};
/* End PBXShellScriptBuildPhase section */

/* Begin PBXSourcesBuildPhase section */
		A1000000003 /* Sources */ = {
			isa = PBXSourcesBuildPhase;
			buildActionMask = 2147483647;
			files = (
				A1000001001 /* CatPawsApp.swift in Sources */,
				A1000002001 /* AppDelegate.swift in Sources */,
				A100000C001 /* MenuBarContentView.swift in Sources */,
				2B1678FA2F1A8C1D006BF13A /* KeyboardState.swift in Sources */,
				2B1678FB2F1A8C1D006BF13A /* Configuration.swift in Sources */,
				2B1678FC2F1A8C1D006BF13A /* DetectionEvent.swift in Sources */,
				2B1678FD2F1A8C1D006BF13A /* LockState.swift in Sources */,
				A1000006001 /* SettingsView.swift in Sources */,
				A1000007001 /* AppViewModel.swift in Sources */,
				A1000008001 /* AppState.swift in Sources */,
				2B16790C2F1A8C5C006BF13A /* KeyboardMonitoring.swift in Sources */,
				2B16790D2F1A8C5C006BF13A /* NotificationPresenting.swift in Sources */,
				2B16790E2F1A8C5C006BF13A /* CatDetecting.swift in Sources */,
				2B16790F2F1A8C5C006BF13A /* NotificationWindowController.swift in Sources */,
				2B1679102F1A8C5C006BF13A /* LockStateManager.swift in Sources */,
				2B1679112F1A8C5C006BF13A /* PermissionError.swift in Sources */,
				2B1679122F1A8C5C006BF13A /* KeyboardLockService.swift in Sources */,
				2B1679132F1A8C5C006BF13A /* KeyboardMonitor.swift in Sources */,
				2B1679142F1A8C5C006BF13A /* LockStateManaging.swift in Sources */,
				2B1679152F1A8C5C006BF13A /* KeyboardLocking.swift in Sources */,
				2B1679162F1A8C5C006BF13A /* KeyboardMonitorDelegate.swift in Sources */,
				2B1679172F1A8C5C006BF13A /* ConfigurationProviding.swift in Sources */,
				2B1679182F1A8C5C006BF13A /* CatDetectionService.swift in Sources */,
				2B1679192F1A8C5C006BF13A /* KeyboardAdjacencyMap.swift in Sources */,
				2B1678F52F1A8BA0006BF13A /* CatLockPopupView.swift in Sources */,
				E1000001001 /* AppStatistics.swift in Sources */,
				E1000002001 /* OnboardingState.swift in Sources */,
				E200000A001 /* PermissionType.swift in Sources */,
				E200000B001 /* PermissionStatus.swift in Sources */,
				E200000C001 /* PermissionService.swift in Sources */,
				E1000003001 /* StatisticsService.swift in Sources */,
				E1000004001 /* AppLogger.swift in Sources */,
				E1000005001 /* LoginItemService.swift in Sources */,
				E1000006001 /* PermissionGuideView.swift in Sources */,
				E1000007001 /* OnboardingViewModel.swift in Sources */,
				E1000008001 /* OnboardingView.swift in Sources */,
				E1000009001 /* StatisticsView.swift in Sources */,
				E100000A001 /* KeyboardLayoutDetector.swift in Sources */,
				H1000001001 /* PurrDetectionService.swift in Sources */,
				H1000002001 /* AudioMonitor.swift in Sources */,
				H1000003001 /* PurrDetectionResult.swift in Sources */,
				H1000006001 /* PurrDetectionSettingsView.swift in Sources */,
			);
			runOnlyForDeploymentPostprocessing = 0;
		};
		B1000000003 /* Sources */ = {
			isa = PBXSourcesBuildPhase;
			buildActionMask = 2147483647;
			files = (
				2B1679212F1A8C97006BF13A /* LockStateManagerTests.swift in Sources */,
				2B1679222F1A8C97006BF13A /* CatDetectionServiceTests.swift in Sources */,
				2B1679232F1A8C97006BF13A /* KeyboardLockServiceTests.swift in Sources */,
				B1000001001 /* AppViewModelTests.swift in Sources */,
				B1000002001 /* AppStateTests.swift in Sources */,
				2B1679252F1A8CBB006BF13A /* MockNotificationPresenter.swift in Sources */,
				2B16791C2F1A8C7E006BF13A /* KeyboardStateTests.swift in Sources */,
				2B16791D2F1A8C7E006BF13A /* LockStateTests.swift in Sources */,
				F1000001001 /* OnboardingStateTests.swift in Sources */,
				F1000002001 /* OnboardingViewModelTests.swift in Sources */,
				E200000D001 /* PermissionTypeTests.swift in Sources */,
				E200000E001 /* PermissionStatusTests.swift in Sources */,
				E200000F001 /* PermissionServiceTests.swift in Sources */,
				G1000001001 /* StatisticsServiceTests.swift in Sources */,
				G1000002001 /* LoginItemServiceTests.swift in Sources */,
				G1000003001 /* MockKeyboardLocking.swift in Sources */,
				G1000004001 /* MockCatDetecting.swift in Sources */,
				G1000005001 /* MockConfigurationProviding.swift in Sources */,
				H1000004001 /* PurrDetectionServiceTests.swift in Sources */,
				H1000005001 /* AudioMonitorTests.swift in Sources */,
			);
			runOnlyForDeploymentPostprocessing = 0;
		};
		C1000000003 /* Sources */ = {
			isa = PBXSourcesBuildPhase;
			buildActionMask = 2147483647;
			files = (
				C1000001001 /* MenuBarUITests.swift in Sources */,
				F1000003001 /* OnboardingUITests.swift in Sources */,
			);
			runOnlyForDeploymentPostprocessing = 0;
		};
/* End PBXSourcesBuildPhase section */

/* Begin PBXTargetDependency section */
		B1000000005 /* PBXTargetDependency */ = {
			isa = PBXTargetDependency;
			target = A1000000000 /* CatPaws */;
			targetProxy = A2000001000 /* PBXContainerItemProxy */;
		};
		C1000000005 /* PBXTargetDependency */ = {
			isa = PBXTargetDependency;
			target = A1000000000 /* CatPaws */;
			targetProxy = A2000002000 /* PBXContainerItemProxy */;
		};
/* End PBXTargetDependency section */

/* Begin XCBuildConfiguration section */
		A0000000011 /* Debug */ = {
			isa = XCBuildConfiguration;
			buildSettings = {
				ALWAYS_SEARCH_USER_PATHS = NO;
				ASSETCATALOG_COMPILER_GENERATE_SWIFT_ASSET_SYMBOL_EXTENSIONS = YES;
				CLANG_ANALYZER_NONNULL = YES;
				CLANG_ANALYZER_NUMBER_OBJECT_CONVERSION = YES_AGGRESSIVE;
				CLANG_CXX_LANGUAGE_STANDARD = "gnu++20";
				CLANG_ENABLE_MODULES = YES;
				CLANG_ENABLE_OBJC_ARC = YES;
				CLANG_ENABLE_OBJC_WEAK = YES;
				CLANG_WARN_BLOCK_CAPTURE_AUTORELEASING = YES;
				CLANG_WARN_BOOL_CONVERSION = YES;
				CLANG_WARN_COMMA = YES;
				CLANG_WARN_CONSTANT_CONVERSION = YES;
				CLANG_WARN_DEPRECATED_OBJC_IMPLEMENTATIONS = YES;
				CLANG_WARN_DIRECT_OBJC_ISA_USAGE = YES_ERROR;
				CLANG_WARN_DOCUMENTATION_COMMENTS = YES;
				CLANG_WARN_EMPTY_BODY = YES;
				CLANG_WARN_ENUM_CONVERSION = YES;
				CLANG_WARN_INFINITE_RECURSION = YES;
				CLANG_WARN_INT_CONVERSION = YES;
				CLANG_WARN_NON_LITERAL_NULL_CONVERSION = YES;
				CLANG_WARN_OBJC_IMPLICIT_RETAIN_SELF = YES;
				CLANG_WARN_OBJC_LITERAL_CONVERSION = YES;
				CLANG_WARN_OBJC_ROOT_CLASS = YES_ERROR;
				CLANG_WARN_QUOTED_INCLUDE_IN_FRAMEWORK_HEADER = YES;
				CLANG_WARN_RANGE_LOOP_ANALYSIS = YES;
				CLANG_WARN_STRICT_PROTOTYPES = YES;
				CLANG_WARN_SUSPICIOUS_MOVE = YES;
				CLANG_WARN_UNGUARDED_AVAILABILITY = YES_AGGRESSIVE;
				CLANG_WARN_UNREACHABLE_CODE = YES;
				CLANG_WARN__DUPLICATE_METHOD_MATCH = YES;
				COPY_PHASE_STRIP = NO;
				DEAD_CODE_STRIPPING = YES;
				DEBUG_INFORMATION_FORMAT = dwarf;
				ENABLE_STRICT_OBJC_MSGSEND = YES;
				ENABLE_TESTABILITY = YES;
				ENABLE_USER_SCRIPT_SANDBOXING = YES;
				GCC_C_LANGUAGE_STANDARD = gnu17;
				GCC_DYNAMIC_NO_PIC = NO;
				GCC_NO_COMMON_BLOCKS = YES;
				GCC_OPTIMIZATION_LEVEL = 0;
				GCC_PREPROCESSOR_DEFINITIONS = (
					"DEBUG=1",
					"$(inherited)",
				);
				GCC_WARN_64_TO_32_BIT_CONVERSION = YES;
				GCC_WARN_ABOUT_RETURN_TYPE = YES_ERROR;
				GCC_WARN_UNDECLARED_SELECTOR = YES;
				GCC_WARN_UNINITIALIZED_AUTOS = YES_AGGRESSIVE;
				GCC_WARN_UNUSED_FUNCTION = YES;
				GCC_WARN_UNUSED_VARIABLE = YES;
				LOCALIZATION_PREFERS_STRING_CATALOGS = YES;
				MACOSX_DEPLOYMENT_TARGET = 14.0;
				MTL_ENABLE_DEBUG_INFO = INCLUDE_SOURCE;
				MTL_FAST_MATH = YES;
				ONLY_ACTIVE_ARCH = YES;
				SDKROOT = macosx;
				STRING_CATALOG_GENERATE_SYMBOLS = YES;
				SWIFT_ACTIVE_COMPILATION_CONDITIONS = "DEBUG $(inherited)";
				SWIFT_OPTIMIZATION_LEVEL = "-Onone";
				SWIFT_VERSION = 5.0;
			};
			name = Debug;
		};
		A0000000012 /* Release */ = {
			isa = XCBuildConfiguration;
			buildSettings = {
				ALWAYS_SEARCH_USER_PATHS = NO;
				ASSETCATALOG_COMPILER_GENERATE_SWIFT_ASSET_SYMBOL_EXTENSIONS = YES;
				CLANG_ANALYZER_NONNULL = YES;
				CLANG_ANALYZER_NUMBER_OBJECT_CONVERSION = YES_AGGRESSIVE;
				CLANG_CXX_LANGUAGE_STANDARD = "gnu++20";
				CLANG_ENABLE_MODULES = YES;
				CLANG_ENABLE_OBJC_ARC = YES;
				CLANG_ENABLE_OBJC_WEAK = YES;
				CLANG_WARN_BLOCK_CAPTURE_AUTORELEASING = YES;
				CLANG_WARN_BOOL_CONVERSION = YES;
				CLANG_WARN_COMMA = YES;
				CLANG_WARN_CONSTANT_CONVERSION = YES;
				CLANG_WARN_DEPRECATED_OBJC_IMPLEMENTATIONS = YES;
				CLANG_WARN_DIRECT_OBJC_ISA_USAGE = YES_ERROR;
				CLANG_WARN_DOCUMENTATION_COMMENTS = YES;
				CLANG_WARN_EMPTY_BODY = YES;
				CLANG_WARN_ENUM_CONVERSION = YES;
				CLANG_WARN_INFINITE_RECURSION = YES;
				CLANG_WARN_INT_CONVERSION = YES;
				CLANG_WARN_NON_LITERAL_NULL_CONVERSION = YES;
				CLANG_WARN_OBJC_IMPLICIT_RETAIN_SELF = YES;
				CLANG_WARN_OBJC_LITERAL_CONVERSION = YES;
				CLANG_WARN_OBJC_ROOT_CLASS = YES_ERROR;
				CLANG_WARN_QUOTED_INCLUDE_IN_FRAMEWORK_HEADER = YES;
				CLANG_WARN_RANGE_LOOP_ANALYSIS = YES;
				CLANG_WARN_STRICT_PROTOTYPES = YES;
				CLANG_WARN_SUSPICIOUS_MOVE = YES;
				CLANG_WARN_UNGUARDED_AVAILABILITY = YES_AGGRESSIVE;
				CLANG_WARN_UNREACHABLE_CODE = YES;
				CLANG_WARN__DUPLICATE_METHOD_MATCH = YES;
				COPY_PHASE_STRIP = NO;
				DEAD_CODE_STRIPPING = YES;
				DEBUG_INFORMATION_FORMAT = "dwarf-with-dsym";
				ENABLE_NS_ASSERTIONS = NO;
				ENABLE_STRICT_OBJC_MSGSEND = YES;
				ENABLE_USER_SCRIPT_SANDBOXING = YES;
				GCC_C_LANGUAGE_STANDARD = gnu17;
				GCC_NO_COMMON_BLOCKS = YES;
				GCC_WARN_64_TO_32_BIT_CONVERSION = YES;
				GCC_WARN_ABOUT_RETURN_TYPE = YES_ERROR;
				GCC_WARN_UNDECLARED_SELECTOR = YES;
				GCC_WARN_UNINITIALIZED_AUTOS = YES_AGGRESSIVE;
				GCC_WARN_UNUSED_FUNCTION = YES;
				GCC_WARN_UNUSED_VARIABLE = YES;
				LOCALIZATION_PREFERS_STRING_CATALOGS = YES;
				MACOSX_DEPLOYMENT_TARGET = 14.0;
				MTL_ENABLE_DEBUG_INFO = NO;
				MTL_FAST_MATH = YES;
				SDKROOT = macosx;
				STRING_CATALOG_GENERATE_SYMBOLS = YES;
				SWIFT_COMPILATION_MODE = wholemodule;
				SWIFT_VERSION = 5.0;
			};
			name = Release;
		};
		A1000000011 /* Debug */ = {
			isa = XCBuildConfiguration;
			buildSettings = {
				ASSETCATALOG_COMPILER_APPICON_NAME = AppIcon;
				ASSETCATALOG_COMPILER_GLOBAL_ACCENT_COLOR_NAME = AccentColor;
				CODE_SIGN_ENTITLEMENTS = CatPaws/Configuration/CatPaws.entitlements;
				CODE_SIGN_STYLE = Automatic;
				COMBINE_HIDPI_IMAGES = YES;
				CURRENT_PROJECT_VERSION = 1;
				DEAD_CODE_STRIPPING = YES;
				DEVELOPMENT_TEAM = M9Y77E7ZX5;
				ENABLE_HARDENED_RUNTIME = YES;
				ENABLE_USER_SCRIPT_SANDBOXING = NO;
				GENERATE_INFOPLIST_FILE = NO;
				INFOPLIST_FILE = CatPaws/Configuration/Info.plist;
				INFOPLIST_KEY_LSApplicationCategoryType = "public.app-category.utilities";
				INFOPLIST_KEY_NSHumanReadableCopyright = "";
				LD_RUNPATH_SEARCH_PATHS = (
					"$(inherited)",
					"@executable_path/../Frameworks",
				);
				MARKETING_VERSION = 1.0.0;
				PRODUCT_BUNDLE_IDENTIFIER = com.corti.CatPaws;
				PRODUCT_NAME = "$(TARGET_NAME)";
				SWIFT_EMIT_LOC_STRINGS = YES;
				SWIFT_VERSION = 5.0;
			};
			name = Debug;
		};
		A1000000012 /* Release */ = {
			isa = XCBuildConfiguration;
			buildSettings = {
				ASSETCATALOG_COMPILER_APPICON_NAME = AppIcon;
				ASSETCATALOG_COMPILER_GLOBAL_ACCENT_COLOR_NAME = AccentColor;
				CODE_SIGN_ENTITLEMENTS = CatPaws/Configuration/CatPaws.entitlements;
				CODE_SIGN_STYLE = Automatic;
				COMBINE_HIDPI_IMAGES = YES;
				CURRENT_PROJECT_VERSION = 1;
				DEAD_CODE_STRIPPING = YES;
				DEVELOPMENT_TEAM = M9Y77E7ZX5;
				ENABLE_HARDENED_RUNTIME = YES;
				ENABLE_USER_SCRIPT_SANDBOXING = NO;
				GCC_TREAT_WARNINGS_AS_ERRORS = YES;
				GENERATE_INFOPLIST_FILE = NO;
				INFOPLIST_FILE = CatPaws/Configuration/Info.plist;
				INFOPLIST_KEY_LSApplicationCategoryType = "public.app-category.utilities";
				INFOPLIST_KEY_NSHumanReadableCopyright = "";
				LD_RUNPATH_SEARCH_PATHS = (
					"$(inherited)",
					"@executable_path/../Frameworks",
				);
				MARKETING_VERSION = 1.0.0;
				PRODUCT_BUNDLE_IDENTIFIER = com.corti.CatPaws;
				PRODUCT_NAME = "$(TARGET_NAME)";
				SWIFT_EMIT_LOC_STRINGS = YES;
				SWIFT_TREAT_WARNINGS_AS_ERRORS = YES;
				SWIFT_VERSION = 5.0;
			};
			name = Release;
		};
		B1000000011 /* Debug */ = {
			isa = XCBuildConfiguration;
			buildSettings = {
				BUNDLE_LOADER = "$(TEST_HOST)";
				CODE_SIGN_STYLE = Automatic;
				CURRENT_PROJECT_VERSION = 1;
				DEAD_CODE_STRIPPING = YES;
				DEVELOPMENT_TEAM = M9Y77E7ZX5;
				GENERATE_INFOPLIST_FILE = YES;
				MARKETING_VERSION = 1.0;
				PRODUCT_BUNDLE_IDENTIFIER = com.corti.CatPawsTests;
				PRODUCT_NAME = "$(TARGET_NAME)";
				SWIFT_EMIT_LOC_STRINGS = NO;
				SWIFT_VERSION = 5.0;
				TEST_HOST = "$(BUILT_PRODUCTS_DIR)/CatPaws.app/$(BUNDLE_EXECUTABLE_FOLDER_PATH)/CatPaws";
			};
			name = Debug;
		};
		B1000000012 /* Release */ = {
			isa = XCBuildConfiguration;
			buildSettings = {
				BUNDLE_LOADER = "$(TEST_HOST)";
				CODE_SIGN_STYLE = Automatic;
				CURRENT_PROJECT_VERSION = 1;
				DEAD_CODE_STRIPPING = YES;
				DEVELOPMENT_TEAM = M9Y77E7ZX5;
				GENERATE_INFOPLIST_FILE = YES;
				MARKETING_VERSION = 1.0;
				PRODUCT_BUNDLE_IDENTIFIER = com.corti.CatPawsTests;
				PRODUCT_NAME = "$(TARGET_NAME)";
				SWIFT_EMIT_LOC_STRINGS = NO;
				SWIFT_VERSION = 5.0;
				TEST_HOST = "$(BUILT_PRODUCTS_DIR)/CatPaws.app/$(BUNDLE_EXECUTABLE_FOLDER_PATH)/CatPaws";
			};
			name = Release;
		};
		C1000000011 /* Debug */ = {
			isa = XCBuildConfiguration;
			buildSettings = {
				CODE_SIGN_STYLE = Automatic;
				CURRENT_PROJECT_VERSION = 1;
				DEAD_CODE_STRIPPING = YES;
				DEVELOPMENT_TEAM = "";
				GENERATE_INFOPLIST_FILE = YES;
				MARKETING_VERSION = 1.0;
				PRODUCT_BUNDLE_IDENTIFIER = com.corti.CatPawsUITests;
				PRODUCT_NAME = "$(TARGET_NAME)";
				SWIFT_EMIT_LOC_STRINGS = NO;
				SWIFT_VERSION = 5.0;
				TEST_TARGET_NAME = CatPaws;
			};
			name = Debug;
		};
		C1000000012 /* Release */ = {
			isa = XCBuildConfiguration;
			buildSettings = {
				CODE_SIGN_STYLE = Automatic;
				CURRENT_PROJECT_VERSION = 1;
				DEAD_CODE_STRIPPING = YES;
				DEVELOPMENT_TEAM = "";
				GENERATE_INFOPLIST_FILE = YES;
				MARKETING_VERSION = 1.0;
				PRODUCT_BUNDLE_IDENTIFIER = com.corti.CatPawsUITests;
				PRODUCT_NAME = "$(TARGET_NAME)";
				SWIFT_EMIT_LOC_STRINGS = NO;
				SWIFT_VERSION = 5.0;
				TEST_TARGET_NAME = CatPaws;
			};
			name = Release;
		};
/* End XCBuildConfiguration section */

/* Begin XCConfigurationList section */
		A0000000010 /* Build configuration list for PBXProject "CatPaws" */ = {
			isa = XCConfigurationList;
			buildConfigurations = (
				A0000000011 /* Debug */,
				A0000000012 /* Release */,
			);
			defaultConfigurationIsVisible = 0;
			defaultConfigurationName = Release;
		};
		A1000000010 /* Build configuration list for PBXNativeTarget "CatPaws" */ = {
			isa = XCConfigurationList;
			buildConfigurations = (
				A1000000011 /* Debug */,
				A1000000012 /* Release */,
			);
			defaultConfigurationIsVisible = 0;
			defaultConfigurationName = Release;
		};
		B1000000010 /* Build configuration list for PBXNativeTarget "CatPawsTests" */ = {
			isa = XCConfigurationList;
			buildConfigurations = (
				B1000000011 /* Debug */,
				B1000000012 /* Release */,
			);
			defaultConfigurationIsVisible = 0;
			defaultConfigurationName = Release;
		};
		C1000000010 /* Build configuration list for PBXNativeTarget "CatPawsUITests" */ = {
			isa = XCConfigurationList;
			buildConfigurations = (
				C1000000011 /* Debug */,
				C1000000012 /* Release */,
			);
			defaultConfigurationIsVisible = 0;
			defaultConfigurationName = Release;
		};
/* End XCConfigurationList section */
	};
	rootObject = A0000000000 /* Project object */;
}
