// !$*UTF8*$!
{
	archiveVersion = 1;
	classes = {
	};
	objectVersion = 56;
	objects = {

/* Begin PBXBuildFile section */
		2AA2A77F1B72D7A1C56D179E /* KeyboardStateTests.swift in Sources */ = {isa = PBXBuildFile; fileRef = F6F37169AC6273F3F63527A5 /* KeyboardStateTests.swift */; };
		377F7207679B33F02F8CE251 /* CatDetectionServiceTests.swift in Sources */ = {isa = PBXBuildFile; fileRef = 8B8FA985DFD313A8C6A891AE /* CatDetectionServiceTests.swift */; };
		39576945FA79769219E6838F /* LockStateManagerTests.swift in Sources */ = {isa = PBXBuildFile; fileRef = BBE4E2731D705FAF3D808C8E /* LockStateManagerTests.swift */; };
		3C9864E0269E223371C40345 /* KeyboardLockService.swift in Sources */ = {isa = PBXBuildFile; fileRef = 69DAFD122D2D2037FA96E347 /* KeyboardLockService.swift */; };
		3D14507A27AB6342478978C1 /* DetectionEvent.swift in Sources */ = {isa = PBXBuildFile; fileRef = D58413587A59D955CD284C68 /* DetectionEvent.swift */; };
		64F526A094DC84BCBB0453FC /* CatDetecting.swift in Sources */ = {isa = PBXBuildFile; fileRef = 4AA27AE4947DFAEB2375F466 /* CatDetecting.swift */; };
		707C9EE3C52A4D37AC9FD8DB /* MockNotificationPresenter.swift in Sources */ = {isa = PBXBuildFile; fileRef = 6A4CA576936583411F206525 /* MockNotificationPresenter.swift */; };
		7B1407FA9F63FC5E4E505189 /* CatLockPopupView.swift in Sources */ = {isa = PBXBuildFile; fileRef = 205E129D01A14CAEEC03C079 /* CatLockPopupView.swift */; };
		7C01EC6FB97E4F254DC74A43 /* CatDetectionService.swift in Sources */ = {isa = PBXBuildFile; fileRef = 28C1BD12004C894AD5199252 /* CatDetectionService.swift */; };
		848C05C155A12606BD5B1C7F /* ConfigurationProviding.swift in Sources */ = {isa = PBXBuildFile; fileRef = 2EF42300815EBB328BCC2703 /* ConfigurationProviding.swift */; };
		85561CBCA717F389068386DF /* KeyboardLocking.swift in Sources */ = {isa = PBXBuildFile; fileRef = E122AF96676294780E931115 /* KeyboardLocking.swift */; };
		87B4A5AE18E833243E6B6453 /* KeyboardMonitor.swift in Sources */ = {isa = PBXBuildFile; fileRef = 6315B9177CDEA82EE4C72F22 /* KeyboardMonitor.swift */; };
		90B3CA61A4A95ACF5B4C2273 /* LockStateManaging.swift in Sources */ = {isa = PBXBuildFile; fileRef = ADBD76368D6C6BDC6C92FD41 /* LockStateManaging.swift */; };
		90DF7904206F9D130E8E1813 /* Configuration.swift in Sources */ = {isa = PBXBuildFile; fileRef = 78FFEDCA764C38097A2B78FA /* Configuration.swift */; };
		99AD4CD089D1BA156FE3EEDF /* PermissionError.swift in Sources */ = {isa = PBXBuildFile; fileRef = C1DBF51B1CAAE005BFE8923A /* PermissionError.swift */; };
		A1000001001 /* CatPawsApp.swift in Sources */ = {isa = PBXBuildFile; fileRef = A1000001000 /* CatPawsApp.swift */; };
		A1000002001 /* AppDelegate.swift in Sources */ = {isa = PBXBuildFile; fileRef = A1000002000 /* AppDelegate.swift */; };
		A1000003001 /* StatusItemManager.swift in Sources */ = {isa = PBXBuildFile; fileRef = A1000003000 /* StatusItemManager.swift */; };
		A1000004001 /* MenuBarView.swift in Sources */ = {isa = PBXBuildFile; fileRef = A1000004000 /* MenuBarView.swift */; };
		A1000005001 /* PopoverView.swift in Sources */ = {isa = PBXBuildFile; fileRef = A1000005000 /* PopoverView.swift */; };
		A1000006001 /* SettingsView.swift in Sources */ = {isa = PBXBuildFile; fileRef = A1000006000 /* SettingsView.swift */; };
		A1000007001 /* AppViewModel.swift in Sources */ = {isa = PBXBuildFile; fileRef = A1000007000 /* AppViewModel.swift */; };
		A1000008001 /* AppState.swift in Sources */ = {isa = PBXBuildFile; fileRef = A1000008000 /* AppState.swift */; };
		A1000009001 /* Assets.xcassets in Resources */ = {isa = PBXBuildFile; fileRef = A1000009000 /* Assets.xcassets */; };
		A100000C001 /* MenuBarContentView.swift in Sources */ = {isa = PBXBuildFile; fileRef = A100000C000 /* MenuBarContentView.swift */; };
		A100000D001 /* Localizable.strings in Resources */ = {isa = PBXBuildFile; fileRef = A100000D000 /* Localizable.strings */; };
		A421227A0B581A1C9D1F55D8 /* KeyboardLockServiceTests.swift in Sources */ = {isa = PBXBuildFile; fileRef = 5208ADE11A9A3AF98FD080A4 /* KeyboardLockServiceTests.swift */; };
		A971E8989C8D92F632F478A7 /* NotificationWindowController.swift in Sources */ = {isa = PBXBuildFile; fileRef = 880C8B172A7E9009032F5C00 /* NotificationWindowController.swift */; };
		B1000001001 /* AppViewModelTests.swift in Sources */ = {isa = PBXBuildFile; fileRef = B1000001000 /* AppViewModelTests.swift */; };
		B1000002001 /* AppStateTests.swift in Sources */ = {isa = PBXBuildFile; fileRef = B1000002000 /* AppStateTests.swift */; };
		C1000001001 /* MenuBarUITests.swift in Sources */ = {isa = PBXBuildFile; fileRef = C1000001000 /* MenuBarUITests.swift */; };
		C9D0E1D5F3A004ECAE81E9FC /* KeyboardAdjacencyMap.swift in Sources */ = {isa = PBXBuildFile; fileRef = 763BCF8B02E378F6A2B8D8D2 /* KeyboardAdjacencyMap.swift */; };
		CC54AE5CC1078767449C73F0 /* LockStateTests.swift in Sources */ = {isa = PBXBuildFile; fileRef = 1B31B55AADCB52204D4726E4 /* LockStateTests.swift */; };
		D09396099BF8BE0CB8345BB1 /* NotificationPresenting.swift in Sources */ = {isa = PBXBuildFile; fileRef = 33ACD9BB036815EE8CA2B29F /* NotificationPresenting.swift */; };
		E3F222D97F160584618928CB /* KeyboardState.swift in Sources */ = {isa = PBXBuildFile; fileRef = 4C96CFD57851C0AA9CE1A998 /* KeyboardState.swift */; };
		E405AC9D46A75F03C08EFB76 /* KeyboardMonitoring.swift in Sources */ = {isa = PBXBuildFile; fileRef = 4F09B21D805AA7496DECAAB1 /* KeyboardMonitoring.swift */; };
		F5CE2F8E50265A4A20B0FC22 /* KeyboardMonitorDelegate.swift in Sources */ = {isa = PBXBuildFile; fileRef = 7BE553F7888136420A36C2F4 /* KeyboardMonitorDelegate.swift */; };
		F982739B62C7484D9A63B5CB /* LockState.swift in Sources */ = {isa = PBXBuildFile; fileRef = 1629C86496AAF8C854FD92EA /* LockState.swift */; };
		FD6A161C9F1D31FD65C5F0DC /* LockStateManager.swift in Sources */ = {isa = PBXBuildFile; fileRef = E6A9983E879536F16D129DC1 /* LockStateManager.swift */; };
/* End PBXBuildFile section */

/* Begin PBXContainerItemProxy section */
		A2000001000 /* PBXContainerItemProxy */ = {
			isa = PBXContainerItemProxy;
			containerPortal = A0000000000 /* Project object */;
			proxyType = 1;
			remoteGlobalIDString = A1000000000;
			remoteInfo = CatPaws;
		};
		A2000002000 /* PBXContainerItemProxy */ = {
			isa = PBXContainerItemProxy;
			containerPortal = A0000000000 /* Project object */;
			proxyType = 1;
			remoteGlobalIDString = A1000000000;
			remoteInfo = CatPaws;
		};
/* End PBXContainerItemProxy section */

/* Begin PBXFileReference section */
		1629C86496AAF8C854FD92EA /* LockState.swift */ = {isa = PBXFileReference; includeInIndex = 1; lastKnownFileType = sourcecode.swift; name = LockState.swift; path = CatPaws/Models/LockState.swift; sourceTree = "<group>"; };
		1B31B55AADCB52204D4726E4 /* LockStateTests.swift */ = {isa = PBXFileReference; includeInIndex = 1; lastKnownFileType = sourcecode.swift; name = LockStateTests.swift; path = CatPawsTests/ModelTests/LockStateTests.swift; sourceTree = "<group>"; };
		205E129D01A14CAEEC03C079 /* CatLockPopupView.swift */ = {isa = PBXFileReference; includeInIndex = 1; lastKnownFileType = sourcecode.swift; name = CatLockPopupView.swift; path = CatPaws/Views/CatLockPopupView.swift; sourceTree = "<group>"; };
		28C1BD12004C894AD5199252 /* CatDetectionService.swift */ = {isa = PBXFileReference; includeInIndex = 1; lastKnownFileType = sourcecode.swift; name = CatDetectionService.swift; path = CatPaws/Services/CatDetectionService.swift; sourceTree = "<group>"; };
		2EF42300815EBB328BCC2703 /* ConfigurationProviding.swift */ = {isa = PBXFileReference; includeInIndex = 1; lastKnownFileType = sourcecode.swift; name = ConfigurationProviding.swift; path = CatPaws/Services/ConfigurationProviding.swift; sourceTree = "<group>"; };
		33ACD9BB036815EE8CA2B29F /* NotificationPresenting.swift */ = {isa = PBXFileReference; includeInIndex = 1; lastKnownFileType = sourcecode.swift; name = NotificationPresenting.swift; path = CatPaws/Services/NotificationPresenting.swift; sourceTree = "<group>"; };
		4AA27AE4947DFAEB2375F466 /* CatDetecting.swift */ = {isa = PBXFileReference; includeInIndex = 1; lastKnownFileType = sourcecode.swift; name = CatDetecting.swift; path = CatPaws/Services/CatDetecting.swift; sourceTree = "<group>"; };
		4C96CFD57851C0AA9CE1A998 /* KeyboardState.swift */ = {isa = PBXFileReference; includeInIndex = 1; lastKnownFileType = sourcecode.swift; name = KeyboardState.swift; path = CatPaws/Models/KeyboardState.swift; sourceTree = "<group>"; };
		4F09B21D805AA7496DECAAB1 /* KeyboardMonitoring.swift */ = {isa = PBXFileReference; includeInIndex = 1; lastKnownFileType = sourcecode.swift; name = KeyboardMonitoring.swift; path = CatPaws/Services/KeyboardMonitoring.swift; sourceTree = "<group>"; };
		5208ADE11A9A3AF98FD080A4 /* KeyboardLockServiceTests.swift */ = {isa = PBXFileReference; includeInIndex = 1; lastKnownFileType = sourcecode.swift; name = KeyboardLockServiceTests.swift; path = CatPawsTests/ServiceTests/KeyboardLockServiceTests.swift; sourceTree = "<group>"; };
		6315B9177CDEA82EE4C72F22 /* KeyboardMonitor.swift */ = {isa = PBXFileReference; includeInIndex = 1; lastKnownFileType = sourcecode.swift; name = KeyboardMonitor.swift; path = CatPaws/Services/KeyboardMonitor.swift; sourceTree = "<group>"; };
		69DAFD122D2D2037FA96E347 /* KeyboardLockService.swift */ = {isa = PBXFileReference; includeInIndex = 1; lastKnownFileType = sourcecode.swift; name = KeyboardLockService.swift; path = CatPaws/Services/KeyboardLockService.swift; sourceTree = "<group>"; };
		6A4CA576936583411F206525 /* MockNotificationPresenter.swift */ = {isa = PBXFileReference; includeInIndex = 1; lastKnownFileType = sourcecode.swift; name = MockNotificationPresenter.swift; path = CatPawsTests/Mocks/MockNotificationPresenter.swift; sourceTree = "<group>"; };
		763BCF8B02E378F6A2B8D8D2 /* KeyboardAdjacencyMap.swift */ = {isa = PBXFileReference; includeInIndex = 1; lastKnownFileType = sourcecode.swift; name = KeyboardAdjacencyMap.swift; path = CatPaws/Services/KeyboardAdjacencyMap.swift; sourceTree = "<group>"; };
		78FFEDCA764C38097A2B78FA /* Configuration.swift */ = {isa = PBXFileReference; includeInIndex = 1; lastKnownFileType = sourcecode.swift; name = Configuration.swift; path = CatPaws/Models/Configuration.swift; sourceTree = "<group>"; };
		7BE553F7888136420A36C2F4 /* KeyboardMonitorDelegate.swift */ = {isa = PBXFileReference; includeInIndex = 1; lastKnownFileType = sourcecode.swift; name = KeyboardMonitorDelegate.swift; path = CatPaws/Services/KeyboardMonitorDelegate.swift; sourceTree = "<group>"; };
		880C8B172A7E9009032F5C00 /* NotificationWindowController.swift */ = {isa = PBXFileReference; includeInIndex = 1; lastKnownFileType = sourcecode.swift; name = NotificationWindowController.swift; path = CatPaws/Services/NotificationWindowController.swift; sourceTree = "<group>"; };
		8B8FA985DFD313A8C6A891AE /* CatDetectionServiceTests.swift */ = {isa = PBXFileReference; includeInIndex = 1; lastKnownFileType = sourcecode.swift; name = CatDetectionServiceTests.swift; path = CatPawsTests/ServiceTests/CatDetectionServiceTests.swift; sourceTree = "<group>"; };
		A1000000001 /* CatPaws.app */ = {isa = PBXFileReference; explicitFileType = wrapper.application; includeInIndex = 0; path = CatPaws.app; sourceTree = BUILT_PRODUCTS_DIR; };
		A1000001000 /* CatPawsApp.swift */ = {isa = PBXFileReference; lastKnownFileType = sourcecode.swift; path = CatPawsApp.swift; sourceTree = "<group>"; };
		A1000002000 /* AppDelegate.swift */ = {isa = PBXFileReference; lastKnownFileType = sourcecode.swift; path = AppDelegate.swift; sourceTree = "<group>"; };
		A1000003000 /* StatusItemManager.swift */ = {isa = PBXFileReference; lastKnownFileType = sourcecode.swift; path = StatusItemManager.swift; sourceTree = "<group>"; };
		A1000004000 /* MenuBarView.swift */ = {isa = PBXFileReference; lastKnownFileType = sourcecode.swift; path = MenuBarView.swift; sourceTree = "<group>"; };
		A1000005000 /* PopoverView.swift */ = {isa = PBXFileReference; lastKnownFileType = sourcecode.swift; path = PopoverView.swift; sourceTree = "<group>"; };
		A1000006000 /* SettingsView.swift */ = {isa = PBXFileReference; lastKnownFileType = sourcecode.swift; path = SettingsView.swift; sourceTree = "<group>"; };
		A1000007000 /* AppViewModel.swift */ = {isa = PBXFileReference; lastKnownFileType = sourcecode.swift; path = AppViewModel.swift; sourceTree = "<group>"; };
		A1000008000 /* AppState.swift */ = {isa = PBXFileReference; lastKnownFileType = sourcecode.swift; path = AppState.swift; sourceTree = "<group>"; };
		A1000009000 /* Assets.xcassets */ = {isa = PBXFileReference; lastKnownFileType = folder.assetcatalog; path = Assets.xcassets; sourceTree = "<group>"; };
		A100000A000 /* Info.plist */ = {isa = PBXFileReference; lastKnownFileType = text.plist.xml; path = Info.plist; sourceTree = "<group>"; };
		A100000B000 /* CatPaws.entitlements */ = {isa = PBXFileReference; lastKnownFileType = text.plist.entitlements; path = CatPaws.entitlements; sourceTree = "<group>"; };
		A100000C000 /* MenuBarContentView.swift */ = {isa = PBXFileReference; lastKnownFileType = sourcecode.swift; path = MenuBarContentView.swift; sourceTree = "<group>"; };
		A100000D000 /* Localizable.strings */ = {isa = PBXFileReference; lastKnownFileType = text.plist.strings; path = Localizable.strings; sourceTree = "<group>"; };
		ADBD76368D6C6BDC6C92FD41 /* LockStateManaging.swift */ = {isa = PBXFileReference; includeInIndex = 1; lastKnownFileType = sourcecode.swift; name = LockStateManaging.swift; path = CatPaws/Services/LockStateManaging.swift; sourceTree = "<group>"; };
		B1000000001 /* CatPawsTests.xctest */ = {isa = PBXFileReference; explicitFileType = wrapper.cfbundle; includeInIndex = 0; path = CatPawsTests.xctest; sourceTree = BUILT_PRODUCTS_DIR; };
		B1000001000 /* AppViewModelTests.swift */ = {isa = PBXFileReference; lastKnownFileType = sourcecode.swift; path = AppViewModelTests.swift; sourceTree = "<group>"; };
		B1000002000 /* AppStateTests.swift */ = {isa = PBXFileReference; lastKnownFileType = sourcecode.swift; path = AppStateTests.swift; sourceTree = "<group>"; };
		BBE4E2731D705FAF3D808C8E /* LockStateManagerTests.swift */ = {isa = PBXFileReference; includeInIndex = 1; lastKnownFileType = sourcecode.swift; name = LockStateManagerTests.swift; path = CatPawsTests/ServiceTests/LockStateManagerTests.swift; sourceTree = "<group>"; };
		C1000000001 /* CatPawsUITests.xctest */ = {isa = PBXFileReference; explicitFileType = wrapper.cfbundle; includeInIndex = 0; path = CatPawsUITests.xctest; sourceTree = BUILT_PRODUCTS_DIR; };
		C1000001000 /* MenuBarUITests.swift */ = {isa = PBXFileReference; lastKnownFileType = sourcecode.swift; path = MenuBarUITests.swift; sourceTree = "<group>"; };
		C1DBF51B1CAAE005BFE8923A /* PermissionError.swift */ = {isa = PBXFileReference; includeInIndex = 1; lastKnownFileType = sourcecode.swift; name = PermissionError.swift; path = CatPaws/Services/PermissionError.swift; sourceTree = "<group>"; };
		D58413587A59D955CD284C68 /* DetectionEvent.swift */ = {isa = PBXFileReference; includeInIndex = 1; lastKnownFileType = sourcecode.swift; name = DetectionEvent.swift; path = CatPaws/Models/DetectionEvent.swift; sourceTree = "<group>"; };
		E122AF96676294780E931115 /* KeyboardLocking.swift */ = {isa = PBXFileReference; includeInIndex = 1; lastKnownFileType = sourcecode.swift; name = KeyboardLocking.swift; path = CatPaws/Services/KeyboardLocking.swift; sourceTree = "<group>"; };
		E6A9983E879536F16D129DC1 /* LockStateManager.swift */ = {isa = PBXFileReference; includeInIndex = 1; lastKnownFileType = sourcecode.swift; name = LockStateManager.swift; path = CatPaws/Services/LockStateManager.swift; sourceTree = "<group>"; };
		F6F37169AC6273F3F63527A5 /* KeyboardStateTests.swift */ = {isa = PBXFileReference; includeInIndex = 1; lastKnownFileType = sourcecode.swift; name = KeyboardStateTests.swift; path = CatPawsTests/ModelTests/KeyboardStateTests.swift; sourceTree = "<group>"; };
/* End PBXFileReference section */

/* Begin PBXFrameworksBuildPhase section */
		A1000000002 /* Frameworks */ = {
			isa = PBXFrameworksBuildPhase;
			buildActionMask = 2147483647;
			files = (
			);
			runOnlyForDeploymentPostprocessing = 0;
		};
		B1000000002 /* Frameworks */ = {
			isa = PBXFrameworksBuildPhase;
			buildActionMask = 2147483647;
			files = (
			);
			runOnlyForDeploymentPostprocessing = 0;
		};
		C1000000002 /* Frameworks */ = {
			isa = PBXFrameworksBuildPhase;
			buildActionMask = 2147483647;
			files = (
			);
			runOnlyForDeploymentPostprocessing = 0;
		};
/* End PBXFrameworksBuildPhase section */

/* Begin PBXGroup section */
		8A7FE988F07BD9D0B85F9441 /* Mocks */ = {
			isa = PBXGroup;
			children = (
				6A4CA576936583411F206525 /* MockNotificationPresenter.swift */,
			);
			name = Mocks;
			sourceTree = "<group>";
		};
		A0000000001 = {
			isa = PBXGroup;
			children = (
				A1000010000 /* CatPaws */,
				B1000010000 /* CatPawsTests */,
				C1000010000 /* CatPawsUITests */,
				A0000000002 /* Products */,
			);
			sourceTree = "<group>";
		};
		A0000000002 /* Products */ = {
			isa = PBXGroup;
			children = (
				A1000000001 /* CatPaws.app */,
				B1000000001 /* CatPawsTests.xctest */,
				C1000000001 /* CatPawsUITests.xctest */,
			);
			name = Products;
			sourceTree = "<group>";
		};
		A1000010000 /* CatPaws */ = {
			isa = PBXGroup;
			children = (
				A1000011000 /* App */,
				A1000012000 /* MenuBar */,
				A1000013000 /* Views */,
				A1000014000 /* ViewModels */,
				A1000015000 /* Models */,
				A1000016000 /* Services */,
				A1000017000 /* Utilities */,
				A1000018000 /* Resources */,
				A1000019000 /* Configuration */,
			);
			path = CatPaws;
			sourceTree = "<group>";
		};
		A1000011000 /* App */ = {
			isa = PBXGroup;
			children = (
				A1000001000 /* CatPawsApp.swift */,
				A1000002000 /* AppDelegate.swift */,
			);
			path = App;
			sourceTree = "<group>";
		};
		A1000012000 /* MenuBar */ = {
			isa = PBXGroup;
			children = (
				A1000003000 /* StatusItemManager.swift */,
				A1000004000 /* MenuBarView.swift */,
				A100000C000 /* MenuBarContentView.swift */,
			);
			path = MenuBar;
			sourceTree = "<group>";
		};
		A1000013000 /* Views */ = {
			isa = PBXGroup;
			children = (
				A1000005000 /* PopoverView.swift */,
				A1000006000 /* SettingsView.swift */,
				205E129D01A14CAEEC03C079 /* CatLockPopupView.swift */,
			);
			path = Views;
			sourceTree = "<group>";
		};
		A1000014000 /* ViewModels */ = {
			isa = PBXGroup;
			children = (
				A1000007000 /* AppViewModel.swift */,
			);
			path = ViewModels;
			sourceTree = "<group>";
		};
		A1000015000 /* Models */ = {
			isa = PBXGroup;
			children = (
				A1000008000 /* AppState.swift */,
				4C96CFD57851C0AA9CE1A998 /* KeyboardState.swift */,
				D58413587A59D955CD284C68 /* DetectionEvent.swift */,
				1629C86496AAF8C854FD92EA /* LockState.swift */,
				78FFEDCA764C38097A2B78FA /* Configuration.swift */,
			);
			path = Models;
			sourceTree = "<group>";
		};
		A1000016000 /* Services */ = {
			isa = PBXGroup;
			children = (
				C1DBF51B1CAAE005BFE8923A /* PermissionError.swift */,
				4F09B21D805AA7496DECAAB1 /* KeyboardMonitoring.swift */,
				7BE553F7888136420A36C2F4 /* KeyboardMonitorDelegate.swift */,
				2EF42300815EBB328BCC2703 /* ConfigurationProviding.swift */,
				6315B9177CDEA82EE4C72F22 /* KeyboardMonitor.swift */,
				763BCF8B02E378F6A2B8D8D2 /* KeyboardAdjacencyMap.swift */,
				4AA27AE4947DFAEB2375F466 /* CatDetecting.swift */,
				28C1BD12004C894AD5199252 /* CatDetectionService.swift */,
				E122AF96676294780E931115 /* KeyboardLocking.swift */,
				69DAFD122D2D2037FA96E347 /* KeyboardLockService.swift */,
				ADBD76368D6C6BDC6C92FD41 /* LockStateManaging.swift */,
				E6A9983E879536F16D129DC1 /* LockStateManager.swift */,
				33ACD9BB036815EE8CA2B29F /* NotificationPresenting.swift */,
				880C8B172A7E9009032F5C00 /* NotificationWindowController.swift */,
			);
			path = Services;
			sourceTree = "<group>";
		};
		A1000017000 /* Utilities */ = {
			isa = PBXGroup;
			children = (
			);
			path = Utilities;
			sourceTree = "<group>";
		};
		A1000018000 /* Resources */ = {
			isa = PBXGroup;
			children = (
				A1000009000 /* Assets.xcassets */,
				A100000D000 /* Localizable.strings */,
			);
			path = Resources;
			sourceTree = "<group>";
		};
		A1000019000 /* Configuration */ = {
			isa = PBXGroup;
			children = (
				A100000A000 /* Info.plist */,
				A100000B000 /* CatPaws.entitlements */,
			);
			path = Configuration;
			sourceTree = "<group>";
		};
		B1000010000 /* CatPawsTests */ = {
			isa = PBXGroup;
			children = (
				B1000011000 /* ViewModelTests */,
				B1000012000 /* ModelTests */,
				B1000013000 /* ServiceTests */,
				8A7FE988F07BD9D0B85F9441 /* Mocks */,
			);
			path = CatPawsTests;
			sourceTree = "<group>";
		};
		B1000011000 /* ViewModelTests */ = {
			isa = PBXGroup;
			children = (
				B1000001000 /* AppViewModelTests.swift */,
			);
			path = ViewModelTests;
			sourceTree = "<group>";
		};
		B1000012000 /* ModelTests */ = {
			isa = PBXGroup;
			children = (
				B1000002000 /* AppStateTests.swift */,
				F6F37169AC6273F3F63527A5 /* KeyboardStateTests.swift */,
				1B31B55AADCB52204D4726E4 /* LockStateTests.swift */,
			);
			path = ModelTests;
			sourceTree = "<group>";
		};
		B1000013000 /* ServiceTests */ = {
			isa = PBXGroup;
			children = (
				8B8FA985DFD313A8C6A891AE /* CatDetectionServiceTests.swift */,
				5208ADE11A9A3AF98FD080A4 /* KeyboardLockServiceTests.swift */,
				BBE4E2731D705FAF3D808C8E /* LockStateManagerTests.swift */,
			);
			path = ServiceTests;
			sourceTree = "<group>";
		};
		C1000010000 /* CatPawsUITests */ = {
			isa = PBXGroup;
			children = (
				C1000011000 /* MenuBarTests */,
			);
			path = CatPawsUITests;
			sourceTree = "<group>";
		};
		C1000011000 /* MenuBarTests */ = {
			isa = PBXGroup;
			children = (
				C1000001000 /* MenuBarUITests.swift */,
			);
			path = MenuBarTests;
			sourceTree = "<group>";
		};
/* End PBXGroup section */

/* Begin PBXNativeTarget section */
		A1000000000 /* CatPaws */ = {
			isa = PBXNativeTarget;
			buildConfigurationList = A1000000010 /* Build configuration list for PBXNativeTarget "CatPaws" */;
			buildPhases = (
				A1000000003 /* Sources */,
				A1000000002 /* Frameworks */,
				A1000000004 /* Resources */,
			);
			buildRules = (
			);
			dependencies = (
			);
			name = CatPaws;
			productName = CatPaws;
			productReference = A1000000001 /* CatPaws.app */;
			productType = "com.apple.product-type.application";
		};
		B1000000000 /* CatPawsTests */ = {
			isa = PBXNativeTarget;
			buildConfigurationList = B1000000010 /* Build configuration list for PBXNativeTarget "CatPawsTests" */;
			buildPhases = (
				B1000000003 /* Sources */,
				B1000000002 /* Frameworks */,
				B1000000004 /* Resources */,
			);
			buildRules = (
			);
			dependencies = (
				B1000000005 /* PBXTargetDependency */,
			);
			name = CatPawsTests;
			productName = CatPawsTests;
			productReference = B1000000001 /* CatPawsTests.xctest */;
			productType = "com.apple.product-type.bundle.unit-test";
		};
		C1000000000 /* CatPawsUITests */ = {
			isa = PBXNativeTarget;
			buildConfigurationList = C1000000010 /* Build configuration list for PBXNativeTarget "CatPawsUITests" */;
			buildPhases = (
				C1000000003 /* Sources */,
				C1000000002 /* Frameworks */,
				C1000000004 /* Resources */,
			);
			buildRules = (
			);
			dependencies = (
				C1000000005 /* PBXTargetDependency */,
			);
			name = CatPawsUITests;
			productName = CatPawsUITests;
			productReference = C1000000001 /* CatPawsUITests.xctest */;
			productType = "com.apple.product-type.bundle.ui-testing";
		};
/* End PBXNativeTarget section */

/* Begin PBXProject section */
		A0000000000 /* Project object */ = {
			isa = PBXProject;
			attributes = {
				BuildIndependentTargetsInParallel = 1;
				LastSwiftUpdateCheck = 1500;
				LastUpgradeCheck = 2620;
				TargetAttributes = {
					A1000000000 = {
						CreatedOnToolsVersion = 15.0;
					};
					B1000000000 = {
						CreatedOnToolsVersion = 15.0;
						TestTargetID = A1000000000;
					};
					C1000000000 = {
						CreatedOnToolsVersion = 15.0;
						TestTargetID = A1000000000;
					};
				};
			};
			buildConfigurationList = A0000000010 /* Build configuration list for PBXProject "CatPaws" */;
			compatibilityVersion = "Xcode 14.0";
			developmentRegion = en;
			hasScannedForEncodings = 0;
			knownRegions = (
				en,
				Base,
			);
			mainGroup = A0000000001;
			productRefGroup = A0000000002 /* Products */;
			projectDirPath = "";
			projectRoot = "";
			targets = (
				A1000000000 /* CatPaws */,
				B1000000000 /* CatPawsTests */,
				C1000000000 /* CatPawsUITests */,
			);
		};
/* End PBXProject section */

/* Begin PBXResourcesBuildPhase section */
		A1000000004 /* Resources */ = {
			isa = PBXResourcesBuildPhase;
			buildActionMask = 2147483647;
			files = (
				A1000009001 /* Assets.xcassets in Resources */,
				A100000D001 /* Localizable.strings in Resources */,
			);
			runOnlyForDeploymentPostprocessing = 0;
		};
		B1000000004 /* Resources */ = {
			isa = PBXResourcesBuildPhase;
			buildActionMask = 2147483647;
			files = (
			);
			runOnlyForDeploymentPostprocessing = 0;
		};
		C1000000004 /* Resources */ = {
			isa = PBXResourcesBuildPhase;
			buildActionMask = 2147483647;
			files = (
			);
			runOnlyForDeploymentPostprocessing = 0;
		};
/* End PBXResourcesBuildPhase section */

/* Begin PBXSourcesBuildPhase section */
		A1000000003 /* Sources */ = {
			isa = PBXSourcesBuildPhase;
			buildActionMask = 2147483647;
			files = (
				A1000001001 /* CatPawsApp.swift in Sources */,
				A1000002001 /* AppDelegate.swift in Sources */,
				A1000003001 /* StatusItemManager.swift in Sources */,
				A1000004001 /* MenuBarView.swift in Sources */,
				A100000C001 /* MenuBarContentView.swift in Sources */,
				A1000005001 /* PopoverView.swift in Sources */,
				A1000006001 /* SettingsView.swift in Sources */,
				A1000007001 /* AppViewModel.swift in Sources */,
				A1000008001 /* AppState.swift in Sources */,
				99AD4CD089D1BA156FE3EEDF /* PermissionError.swift in Sources */,
				E405AC9D46A75F03C08EFB76 /* KeyboardMonitoring.swift in Sources */,
				F5CE2F8E50265A4A20B0FC22 /* KeyboardMonitorDelegate.swift in Sources */,
				848C05C155A12606BD5B1C7F /* ConfigurationProviding.swift in Sources */,
				87B4A5AE18E833243E6B6453 /* KeyboardMonitor.swift in Sources */,
				C9D0E1D5F3A004ECAE81E9FC /* KeyboardAdjacencyMap.swift in Sources */,
				64F526A094DC84BCBB0453FC /* CatDetecting.swift in Sources */,
				7C01EC6FB97E4F254DC74A43 /* CatDetectionService.swift in Sources */,
				85561CBCA717F389068386DF /* KeyboardLocking.swift in Sources */,
				3C9864E0269E223371C40345 /* KeyboardLockService.swift in Sources */,
				90B3CA61A4A95ACF5B4C2273 /* LockStateManaging.swift in Sources */,
				FD6A161C9F1D31FD65C5F0DC /* LockStateManager.swift in Sources */,
				D09396099BF8BE0CB8345BB1 /* NotificationPresenting.swift in Sources */,
				A971E8989C8D92F632F478A7 /* NotificationWindowController.swift in Sources */,
				E3F222D97F160584618928CB /* KeyboardState.swift in Sources */,
				3D14507A27AB6342478978C1 /* DetectionEvent.swift in Sources */,
				F982739B62C7484D9A63B5CB /* LockState.swift in Sources */,
				90DF7904206F9D130E8E1813 /* Configuration.swift in Sources */,
				7B1407FA9F63FC5E4E505189 /* CatLockPopupView.swift in Sources */,
			);
			runOnlyForDeploymentPostprocessing = 0;
		};
		B1000000003 /* Sources */ = {
			isa = PBXSourcesBuildPhase;
			buildActionMask = 2147483647;
			files = (
				B1000001001 /* AppViewModelTests.swift in Sources */,
				B1000002001 /* AppStateTests.swift in Sources */,
				707C9EE3C52A4D37AC9FD8DB /* MockNotificationPresenter.swift in Sources */,
				2AA2A77F1B72D7A1C56D179E /* KeyboardStateTests.swift in Sources */,
				CC54AE5CC1078767449C73F0 /* LockStateTests.swift in Sources */,
				377F7207679B33F02F8CE251 /* CatDetectionServiceTests.swift in Sources */,
				A421227A0B581A1C9D1F55D8 /* KeyboardLockServiceTests.swift in Sources */,
				39576945FA79769219E6838F /* LockStateManagerTests.swift in Sources */,
			);
			runOnlyForDeploymentPostprocessing = 0;
		};
		C1000000003 /* Sources */ = {
			isa = PBXSourcesBuildPhase;
			buildActionMask = 2147483647;
			files = (
				C1000001001 /* MenuBarUITests.swift in Sources */,
			);
			runOnlyForDeploymentPostprocessing = 0;
		};
/* End PBXSourcesBuildPhase section */

/* Begin PBXTargetDependency section */
		B1000000005 /* PBXTargetDependency */ = {
			isa = PBXTargetDependency;
			target = A1000000000 /* CatPaws */;
			targetProxy = A2000001000 /* PBXContainerItemProxy */;
		};
		C1000000005 /* PBXTargetDependency */ = {
			isa = PBXTargetDependency;
			target = A1000000000 /* CatPaws */;
			targetProxy = A2000002000 /* PBXContainerItemProxy */;
		};
/* End PBXTargetDependency section */

/* Begin XCBuildConfiguration section */
		A0000000011 /* Debug */ = {
			isa = XCBuildConfiguration;
			buildSettings = {
				ALWAYS_SEARCH_USER_PATHS = NO;
				ASSETCATALOG_COMPILER_GENERATE_SWIFT_ASSET_SYMBOL_EXTENSIONS = YES;
				CLANG_ANALYZER_NONNULL = YES;
				CLANG_ANALYZER_NUMBER_OBJECT_CONVERSION = YES_AGGRESSIVE;
				CLANG_CXX_LANGUAGE_STANDARD = "gnu++20";
				CLANG_ENABLE_MODULES = YES;
				CLANG_ENABLE_OBJC_ARC = YES;
				CLANG_ENABLE_OBJC_WEAK = YES;
				CLANG_WARN_BLOCK_CAPTURE_AUTORELEASING = YES;
				CLANG_WARN_BOOL_CONVERSION = YES;
				CLANG_WARN_COMMA = YES;
				CLANG_WARN_CONSTANT_CONVERSION = YES;
				CLANG_WARN_DEPRECATED_OBJC_IMPLEMENTATIONS = YES;
				CLANG_WARN_DIRECT_OBJC_ISA_USAGE = YES_ERROR;
				CLANG_WARN_DOCUMENTATION_COMMENTS = YES;
				CLANG_WARN_EMPTY_BODY = YES;
				CLANG_WARN_ENUM_CONVERSION = YES;
				CLANG_WARN_INFINITE_RECURSION = YES;
				CLANG_WARN_INT_CONVERSION = YES;
				CLANG_WARN_NON_LITERAL_NULL_CONVERSION = YES;
				CLANG_WARN_OBJC_IMPLICIT_RETAIN_SELF = YES;
				CLANG_WARN_OBJC_LITERAL_CONVERSION = YES;
				CLANG_WARN_OBJC_ROOT_CLASS = YES_ERROR;
				CLANG_WARN_QUOTED_INCLUDE_IN_FRAMEWORK_HEADER = YES;
				CLANG_WARN_RANGE_LOOP_ANALYSIS = YES;
				CLANG_WARN_STRICT_PROTOTYPES = YES;
				CLANG_WARN_SUSPICIOUS_MOVE = YES;
				CLANG_WARN_UNGUARDED_AVAILABILITY = YES_AGGRESSIVE;
				CLANG_WARN_UNREACHABLE_CODE = YES;
				CLANG_WARN__DUPLICATE_METHOD_MATCH = YES;
				COPY_PHASE_STRIP = NO;
				DEAD_CODE_STRIPPING = YES;
				DEBUG_INFORMATION_FORMAT = dwarf;
				ENABLE_STRICT_OBJC_MSGSEND = YES;
				ENABLE_TESTABILITY = YES;
				ENABLE_USER_SCRIPT_SANDBOXING = YES;
				GCC_C_LANGUAGE_STANDARD = gnu17;
				GCC_DYNAMIC_NO_PIC = NO;
				GCC_NO_COMMON_BLOCKS = YES;
				GCC_OPTIMIZATION_LEVEL = 0;
				GCC_PREPROCESSOR_DEFINITIONS = (
					"DEBUG=1",
					"$(inherited)",
				);
				GCC_WARN_64_TO_32_BIT_CONVERSION = YES;
				GCC_WARN_ABOUT_RETURN_TYPE = YES_ERROR;
				GCC_WARN_UNDECLARED_SELECTOR = YES;
				GCC_WARN_UNINITIALIZED_AUTOS = YES_AGGRESSIVE;
				GCC_WARN_UNUSED_FUNCTION = YES;
				GCC_WARN_UNUSED_VARIABLE = YES;
				LOCALIZATION_PREFERS_STRING_CATALOGS = YES;
				MACOSX_DEPLOYMENT_TARGET = 14.0;
				MTL_ENABLE_DEBUG_INFO = INCLUDE_SOURCE;
				MTL_FAST_MATH = YES;
				ONLY_ACTIVE_ARCH = YES;
				SDKROOT = macosx;
				STRING_CATALOG_GENERATE_SYMBOLS = YES;
				SWIFT_ACTIVE_COMPILATION_CONDITIONS = "DEBUG $(inherited)";
				SWIFT_OPTIMIZATION_LEVEL = "-Onone";
				SWIFT_VERSION = 5.0;
			};
			name = Debug;
		};
		A0000000012 /* Release */ = {
			isa = XCBuildConfiguration;
			buildSettings = {
				ALWAYS_SEARCH_USER_PATHS = NO;
				ASSETCATALOG_COMPILER_GENERATE_SWIFT_ASSET_SYMBOL_EXTENSIONS = YES;
				CLANG_ANALYZER_NONNULL = YES;
				CLANG_ANALYZER_NUMBER_OBJECT_CONVERSION = YES_AGGRESSIVE;
				CLANG_CXX_LANGUAGE_STANDARD = "gnu++20";
				CLANG_ENABLE_MODULES = YES;
				CLANG_ENABLE_OBJC_ARC = YES;
				CLANG_ENABLE_OBJC_WEAK = YES;
				CLANG_WARN_BLOCK_CAPTURE_AUTORELEASING = YES;
				CLANG_WARN_BOOL_CONVERSION = YES;
				CLANG_WARN_COMMA = YES;
				CLANG_WARN_CONSTANT_CONVERSION = YES;
				CLANG_WARN_DEPRECATED_OBJC_IMPLEMENTATIONS = YES;
				CLANG_WARN_DIRECT_OBJC_ISA_USAGE = YES_ERROR;
				CLANG_WARN_DOCUMENTATION_COMMENTS = YES;
				CLANG_WARN_EMPTY_BODY = YES;
				CLANG_WARN_ENUM_CONVERSION = YES;
				CLANG_WARN_INFINITE_RECURSION = YES;
				CLANG_WARN_INT_CONVERSION = YES;
				CLANG_WARN_NON_LITERAL_NULL_CONVERSION = YES;
				CLANG_WARN_OBJC_IMPLICIT_RETAIN_SELF = YES;
				CLANG_WARN_OBJC_LITERAL_CONVERSION = YES;
				CLANG_WARN_OBJC_ROOT_CLASS = YES_ERROR;
				CLANG_WARN_QUOTED_INCLUDE_IN_FRAMEWORK_HEADER = YES;
				CLANG_WARN_RANGE_LOOP_ANALYSIS = YES;
				CLANG_WARN_STRICT_PROTOTYPES = YES;
				CLANG_WARN_SUSPICIOUS_MOVE = YES;
				CLANG_WARN_UNGUARDED_AVAILABILITY = YES_AGGRESSIVE;
				CLANG_WARN_UNREACHABLE_CODE = YES;
				CLANG_WARN__DUPLICATE_METHOD_MATCH = YES;
				COPY_PHASE_STRIP = NO;
				DEAD_CODE_STRIPPING = YES;
				DEBUG_INFORMATION_FORMAT = "dwarf-with-dsym";
				ENABLE_NS_ASSERTIONS = NO;
				ENABLE_STRICT_OBJC_MSGSEND = YES;
				ENABLE_USER_SCRIPT_SANDBOXING = YES;
				GCC_C_LANGUAGE_STANDARD = gnu17;
				GCC_NO_COMMON_BLOCKS = YES;
				GCC_WARN_64_TO_32_BIT_CONVERSION = YES;
				GCC_WARN_ABOUT_RETURN_TYPE = YES_ERROR;
				GCC_WARN_UNDECLARED_SELECTOR = YES;
				GCC_WARN_UNINITIALIZED_AUTOS = YES_AGGRESSIVE;
				GCC_WARN_UNUSED_FUNCTION = YES;
				GCC_WARN_UNUSED_VARIABLE = YES;
				LOCALIZATION_PREFERS_STRING_CATALOGS = YES;
				MACOSX_DEPLOYMENT_TARGET = 14.0;
				MTL_ENABLE_DEBUG_INFO = NO;
				MTL_FAST_MATH = YES;
				SDKROOT = macosx;
				STRING_CATALOG_GENERATE_SYMBOLS = YES;
				SWIFT_COMPILATION_MODE = wholemodule;
				SWIFT_VERSION = 5.0;
			};
			name = Release;
		};
		A1000000011 /* Debug */ = {
			isa = XCBuildConfiguration;
			buildSettings = {
				ASSETCATALOG_COMPILER_APPICON_NAME = AppIcon;
				ASSETCATALOG_COMPILER_GLOBAL_ACCENT_COLOR_NAME = AccentColor;
				CODE_SIGN_ENTITLEMENTS = CatPaws/Configuration/CatPaws.entitlements;
				CODE_SIGN_STYLE = Automatic;
				COMBINE_HIDPI_IMAGES = YES;
				CURRENT_PROJECT_VERSION = 1;
				DEAD_CODE_STRIPPING = YES;
				DEVELOPMENT_TEAM = "";
				ENABLE_HARDENED_RUNTIME = YES;
				GENERATE_INFOPLIST_FILE = NO;
				INFOPLIST_FILE = CatPaws/Configuration/Info.plist;
				INFOPLIST_KEY_LSApplicationCategoryType = "public.app-category.utilities";
				INFOPLIST_KEY_NSHumanReadableCopyright = "";
				LD_RUNPATH_SEARCH_PATHS = (
					"$(inherited)",
					"@executable_path/../Frameworks",
				);
				MARKETING_VERSION = 1.0;
				PRODUCT_BUNDLE_IDENTIFIER = com.example.CatPaws;
				PRODUCT_NAME = "$(TARGET_NAME)";
				SWIFT_EMIT_LOC_STRINGS = YES;
				SWIFT_VERSION = 5.0;
			};
			name = Debug;
		};
		A1000000012 /* Release */ = {
			isa = XCBuildConfiguration;
			buildSettings = {
				ASSETCATALOG_COMPILER_APPICON_NAME = AppIcon;
				ASSETCATALOG_COMPILER_GLOBAL_ACCENT_COLOR_NAME = AccentColor;
				CODE_SIGN_ENTITLEMENTS = CatPaws/Configuration/CatPaws.entitlements;
				CODE_SIGN_STYLE = Automatic;
				COMBINE_HIDPI_IMAGES = YES;
				CURRENT_PROJECT_VERSION = 1;
				DEAD_CODE_STRIPPING = YES;
				DEVELOPMENT_TEAM = "";
				ENABLE_HARDENED_RUNTIME = YES;
				GENERATE_INFOPLIST_FILE = NO;
				INFOPLIST_FILE = CatPaws/Configuration/Info.plist;
				INFOPLIST_KEY_LSApplicationCategoryType = "public.app-category.utilities";
				INFOPLIST_KEY_NSHumanReadableCopyright = "";
				LD_RUNPATH_SEARCH_PATHS = (
					"$(inherited)",
					"@executable_path/../Frameworks",
				);
				MARKETING_VERSION = 1.0;
				PRODUCT_BUNDLE_IDENTIFIER = com.example.CatPaws;
				PRODUCT_NAME = "$(TARGET_NAME)";
				SWIFT_EMIT_LOC_STRINGS = YES;
				SWIFT_VERSION = 5.0;
			};
			name = Release;
		};
		B1000000011 /* Debug */ = {
			isa = XCBuildConfiguration;
			buildSettings = {
				BUNDLE_LOADER = "$(TEST_HOST)";
				CODE_SIGN_STYLE = Automatic;
				CURRENT_PROJECT_VERSION = 1;
				DEAD_CODE_STRIPPING = YES;
				DEVELOPMENT_TEAM = "";
				GENERATE_INFOPLIST_FILE = YES;
				MARKETING_VERSION = 1.0;
				PRODUCT_BUNDLE_IDENTIFIER = com.example.CatPawsTests;
				PRODUCT_NAME = "$(TARGET_NAME)";
				SWIFT_EMIT_LOC_STRINGS = NO;
				SWIFT_VERSION = 5.0;
				TEST_HOST = "$(BUILT_PRODUCTS_DIR)/CatPaws.app/$(BUNDLE_EXECUTABLE_FOLDER_PATH)/CatPaws";
			};
			name = Debug;
		};
		B1000000012 /* Release */ = {
			isa = XCBuildConfiguration;
			buildSettings = {
				BUNDLE_LOADER = "$(TEST_HOST)";
				CODE_SIGN_STYLE = Automatic;
				CURRENT_PROJECT_VERSION = 1;
				DEAD_CODE_STRIPPING = YES;
				DEVELOPMENT_TEAM = "";
				GENERATE_INFOPLIST_FILE = YES;
				MARKETING_VERSION = 1.0;
				PRODUCT_BUNDLE_IDENTIFIER = com.example.CatPawsTests;
				PRODUCT_NAME = "$(TARGET_NAME)";
				SWIFT_EMIT_LOC_STRINGS = NO;
				SWIFT_VERSION = 5.0;
				TEST_HOST = "$(BUILT_PRODUCTS_DIR)/CatPaws.app/$(BUNDLE_EXECUTABLE_FOLDER_PATH)/CatPaws";
			};
			name = Release;
		};
		C1000000011 /* Debug */ = {
			isa = XCBuildConfiguration;
			buildSettings = {
				CODE_SIGN_STYLE = Automatic;
				CURRENT_PROJECT_VERSION = 1;
				DEAD_CODE_STRIPPING = YES;
				DEVELOPMENT_TEAM = "";
				GENERATE_INFOPLIST_FILE = YES;
				MARKETING_VERSION = 1.0;
				PRODUCT_BUNDLE_IDENTIFIER = com.example.CatPawsUITests;
				PRODUCT_NAME = "$(TARGET_NAME)";
				SWIFT_EMIT_LOC_STRINGS = NO;
				SWIFT_VERSION = 5.0;
				TEST_TARGET_NAME = CatPaws;
			};
			name = Debug;
		};
		C1000000012 /* Release */ = {
			isa = XCBuildConfiguration;
			buildSettings = {
				CODE_SIGN_STYLE = Automatic;
				CURRENT_PROJECT_VERSION = 1;
				DEAD_CODE_STRIPPING = YES;
				DEVELOPMENT_TEAM = "";
				GENERATE_INFOPLIST_FILE = YES;
				MARKETING_VERSION = 1.0;
				PRODUCT_BUNDLE_IDENTIFIER = com.example.CatPawsUITests;
				PRODUCT_NAME = "$(TARGET_NAME)";
				SWIFT_EMIT_LOC_STRINGS = NO;
				SWIFT_VERSION = 5.0;
				TEST_TARGET_NAME = CatPaws;
			};
			name = Release;
		};
/* End XCBuildConfiguration section */

/* Begin XCConfigurationList section */
		A0000000010 /* Build configuration list for PBXProject "CatPaws" */ = {
			isa = XCConfigurationList;
			buildConfigurations = (
				A0000000011 /* Debug */,
				A0000000012 /* Release */,
			);
			defaultConfigurationIsVisible = 0;
			defaultConfigurationName = Release;
		};
		A1000000010 /* Build configuration list for PBXNativeTarget "CatPaws" */ = {
			isa = XCConfigurationList;
			buildConfigurations = (
				A1000000011 /* Debug */,
				A1000000012 /* Release */,
			);
			defaultConfigurationIsVisible = 0;
			defaultConfigurationName = Release;
		};
		B1000000010 /* Build configuration list for PBXNativeTarget "CatPawsTests" */ = {
			isa = XCConfigurationList;
			buildConfigurations = (
				B1000000011 /* Debug */,
				B1000000012 /* Release */,
			);
			defaultConfigurationIsVisible = 0;
			defaultConfigurationName = Release;
		};
		C1000000010 /* Build configuration list for PBXNativeTarget "CatPawsUITests" */ = {
			isa = XCConfigurationList;
			buildConfigurations = (
				C1000000011 /* Debug */,
				C1000000012 /* Release */,
			);
			defaultConfigurationIsVisible = 0;
			defaultConfigurationName = Release;
		};
/* End XCConfigurationList section */
	};
	rootObject = A0000000000 /* Project object */;
}
